
Microsoft Visual Studio Solution File, Format Version 12.00
# Visual Studio 2013
VisualStudioVersion = 12.0.31101.0
MinimumVisualStudioVersion = 10.0.40219.1
Project("{2150E333-8FDC-42A3-9474-1A3956D46DE8}") = "tests", "tests", "{E7B39EAD-EA32-4011-845A-C949A336389A}"
EndProject
Project("{2150E333-8FDC-42A3-9474-1A3956D46DE8}") = "notices", "notices", "{E8BEECAD-4A51-48A6-9602-6D8C6F41841E}"
	ProjectSection(SolutionItems) = preProject
		COPYRIGHT.txt = COPYRIGHT.txt
		CREDITS.txt = CREDITS.txt
		LICENSE.txt = LICENSE.txt
	EndProjectSection
EndProject
Project("{2150E333-8FDC-42A3-9474-1A3956D46DE8}") = "Solution Items", "Solution Items", "{A2E61590-0069-4746-A44D-4B2B805EDD91}"
	ProjectSection(SolutionItems) = preProject
		acknowledgements.md = acknowledgements.md
		Build\Build.proj = Build\Build.proj
		Build\Build.tasks = Build\Build.tasks
		changelog.md = changelog.md
		CodeAnalysisDictionary.xml = CodeAnalysisDictionary.xml
		Build\ilmerge.internalize.ignore.txt = Build\ilmerge.internalize.ignore.txt
		NuGet.ruleset = NuGet.ruleset
		Build\NuGet.Settings.targets = Build\NuGet.Settings.targets
		Build\NuGet.Test.targets = Build\NuGet.Test.targets
	EndProjectSection
EndProject
Project("{2150E333-8FDC-42A3-9474-1A3956D46DE8}") = "functional", "functional", "{3B13F3A6-64D9-4D22-9890-88A542E2603E}"
EndProject
Project("{2150E333-8FDC-42A3-9474-1A3956D46DE8}") = "framework", "framework", "{4F42391D-ABC3-4832-9F6B-2F65DA85624A}"
	ProjectSection(SolutionItems) = preProject
		test\EndToEnd\assert.ps1 = test\EndToEnd\assert.ps1
		test\EndToEnd\nuget.assert.ps1 = test\EndToEnd\nuget.assert.ps1
		test\EndToEnd\NuGet.Tests.psm1 = test\EndToEnd\NuGet.Tests.psm1
		test\EndToEnd\utility.ps1 = test\EndToEnd\utility.ps1
		test\EndToEnd\vs.ps1 = test\EndToEnd\vs.ps1
	EndProjectSection
EndProject
Project("{2150E333-8FDC-42A3-9474-1A3956D46DE8}") = "tests", "tests", "{D617D07A-215C-4327-8DAA-AB00C59EF489}"
	ProjectSection(SolutionItems) = preProject
		test\EndToEnd\tests\GetPackageTest.ps1 = test\EndToEnd\tests\GetPackageTest.ps1
		test\EndToEnd\tests\GetProjectTest.ps1 = test\EndToEnd\tests\GetProjectTest.ps1
		test\EndToEnd\tests\install.ps1 = test\EndToEnd\tests\install.ps1
		test\EndToEnd\tests\OpenPackagePageTest.ps1 = test\EndToEnd\tests\OpenPackagePageTest.ps1
		test\EndToEnd\tests\PackageRestoreExtensionTest.ps1 = test\EndToEnd\tests\PackageRestoreExtensionTest.ps1
		test\EndToEnd\tests\PackageRestoreManagerTest.ps1 = test\EndToEnd\tests\PackageRestoreManagerTest.ps1
		test\EndToEnd\tests\PackTest.ps1 = test\EndToEnd\tests\PackTest.ps1
		test\EndToEnd\tests\ProjectRetargeting.ps1 = test\EndToEnd\tests\ProjectRetargeting.ps1
		test\EndToEnd\tests\ServicesTest.ps1 = test\EndToEnd\tests\ServicesTest.ps1
		test\EndToEnd\tests\Settings.ps1 = test\EndToEnd\tests\Settings.ps1
		test\EndToEnd\tests\TabExpansionTest.ps1 = test\EndToEnd\tests\TabExpansionTest.ps1
		test\EndToEnd\tests\uninstall.ps1 = test\EndToEnd\tests\uninstall.ps1
		test\EndToEnd\tests\update.ps1 = test\EndToEnd\tests\update.ps1
	EndProjectSection
EndProject
Project("{2150E333-8FDC-42A3-9474-1A3956D46DE8}") = "nuget.build", "nuget.build", "{9D2D9A2A-71C8-481A-A2A3-EF0CE65E3B32}"
	ProjectSection(SolutionItems) = preProject
		src\Build\NuGet.Build.nuspec = src\Build\NuGet.Build.nuspec
		src\Build\NuGet.targets = src\Build\NuGet.targets
	EndProjectSection
EndProject
Project("{FAE04EC0-301F-11D3-BF4B-00C04F79EFBC}") = "Core", "src\Core\Core.csproj", "{F879F274-EFA0-4157-8404-33A19B4E6AEC}"
EndProject
Project("{FAE04EC0-301F-11D3-BF4B-00C04F79EFBC}") = "VisualStudio", "src\VisualStudio\VisualStudio.csproj", "{6146CA62-CC16-422C-A105-3E81F7452AA6}"
EndProject
Project("{FAE04EC0-301F-11D3-BF4B-00C04F79EFBC}") = "Core.Test", "test\Core.Test\Core.Test.csproj", "{D3106412-E3AF-4CB6-B6D3-3664465B491F}"
EndProject
Project("{FAE04EC0-301F-11D3-BF4B-00C04F79EFBC}") = "Server", "src\Server\Server.csproj", "{793B20A9-E263-4B54-BB31-305B602087CE}"
EndProject
Project("{FAE04EC0-301F-11D3-BF4B-00C04F79EFBC}") = "VsExtension", "src\VsExtension\VsExtension.csproj", "{D0F9864B-D782-4471-81A2-29555E5DC0D7}"
	ProjectSection(ProjectDependencies) = postProject
		{37465016-5F91-478B-B4E3-DC78B025797A} = {37465016-5F91-478B-B4E3-DC78B025797A}
		{1700E91F-4C23-4D98-ADE1-CA471A3D52B9} = {1700E91F-4C23-4D98-ADE1-CA471A3D52B9}
	EndProjectSection
EndProject
Project("{FAE04EC0-301F-11D3-BF4B-00C04F79EFBC}") = "Console", "src\VsConsole\Console\Console.csproj", "{50E33DA2-AF14-486D-81B8-BD8409744A38}"
EndProject
Project("{FAE04EC0-301F-11D3-BF4B-00C04F79EFBC}") = "PowerShellHost", "src\VsConsole\PowerShellHost\PowerShellHost.csproj", "{5A79EEF3-51C0-4A14-8D37-50EF38AD835D}"
EndProject
Project("{FAE04EC0-301F-11D3-BF4B-00C04F79EFBC}") = "CommandLine", "src\CommandLine\CommandLine.csproj", "{B34A6632-E627-4B66-8E0A-D2DA3BC96893}"
EndProject
Project("{FAE04EC0-301F-11D3-BF4B-00C04F79EFBC}") = "TeamFoundationServer12", "src\TeamFoundationServer12\TeamFoundationServer12.csproj", "{5FC1C439-9263-470E-9C09-6E8B1E24C6B2}"
EndProject
Project("{FAE04EC0-301F-11D3-BF4B-00C04F79EFBC}") = "PowerShellHostProvider", "src\VsConsole\PowerShellHostProvider\PowerShellHostProvider.csproj", "{A5E7AEB3-738F-4C39-A459-00F90483B2FE}"
EndProject
Project("{FAE04EC0-301F-11D3-BF4B-00C04F79EFBC}") = "VisualStudio.Test", "test\VisualStudio.Test\VisualStudio.Test.csproj", "{3840480F-EA53-4CD4-8155-7CA579CB8E37}"
EndProject
Project("{FAE04EC0-301F-11D3-BF4B-00C04F79EFBC}") = "TestUI", "test\TestUI\TestUI.csproj", "{5B445EB1-3D2F-4D03-A004-09275F649419}"
EndProject
Project("{FAE04EC0-301F-11D3-BF4B-00C04F79EFBC}") = "Test.Utility", "test\Test.Utility\Test.Utility.csproj", "{F016882A-C798-4446-BB75-D3C393A38B32}"
EndProject
Project("{FAE04EC0-301F-11D3-BF4B-00C04F79EFBC}") = "Console.Types", "src\VsConsole\Console.Types\Console.Types.csproj", "{6FD11460-39A3-4A10-BA63-7541B0A7D053}"
EndProject
Project("{FAE04EC0-301F-11D3-BF4B-00C04F79EFBC}") = "PowerShellCmdlets", "src\VsConsole\PowerShellCmdlets\PowerShellCmdlets.csproj", "{84AC92A6-06B4-41B7-81EC-EFE91356D17C}"
EndProject
Project("{FAE04EC0-301F-11D3-BF4B-00C04F79EFBC}") = "PowerShellCmdlets.Test", "test\PowerShellCmdlets.Test\PowerShellCmdlets.Test.csproj", "{6C09BF50-E5B3-4810-8A17-37D399A172ED}"
EndProject
Project("{FAE04EC0-301F-11D3-BF4B-00C04F79EFBC}") = "PowerShellHost.Test", "test\PowerShellHost.Test\PowerShellHost.Test.csproj", "{82AB7D04-FA51-4707-8A1F-62B29AC23E6D}"
EndProject
Project("{FAE04EC0-301F-11D3-BF4B-00C04F79EFBC}") = "Options", "src\Options\Options.csproj", "{53AB7187-CDF3-48B5-B90E-8919D3CB904D}"
EndProject
Project("{FAE04EC0-301F-11D3-BF4B-00C04F79EFBC}") = "Server.Test", "test\Server.Test\Server.Test.csproj", "{92D18050-3867-4E39-B305-9F9870F66F5E}"
EndProject
Project("{FAE04EC0-301F-11D3-BF4B-00C04F79EFBC}") = "VisualStudio.Interop", "src\VisualStudio.Interop\VisualStudio.Interop.csproj", "{7DB43FE1-75E1-49F9-B2C8-06A552BA2144}"
EndProject
Project("{FAE04EC0-301F-11D3-BF4B-00C04F79EFBC}") = "DialogServices", "src\DialogServices\DialogServices.csproj", "{05497432-8899-4ED4-BB97-7B5EA3E911DB}"
EndProject
Project("{FAE04EC0-301F-11D3-BF4B-00C04F79EFBC}") = "TeamFoundationServer10", "src\TeamFoundationServer10\TeamFoundationServer10.csproj", "{3F786922-B4F3-4C6E-B22F-3D764BA5B3B8}"
EndProject
Project("{FAE04EC0-301F-11D3-BF4B-00C04F79EFBC}") = "VisualStudio10", "src\VisualStudio10\VisualStudio10.csproj", "{7765C89E-790C-4D1E-A877-227E5FE3C90B}"
EndProject
Project("{FAE04EC0-301F-11D3-BF4B-00C04F79EFBC}") = "CommandLine.ServerExtensions", "src\CommandLine.ServerExtensions\CommandLine.ServerExtensions.csproj", "{52EA04DC-1DA5-4E45-B13C-0A10F4B71662}"
EndProject
Project("{FAE04EC0-301F-11D3-BF4B-00C04F79EFBC}") = "Test.Integration", "test\Test.Integration\Test.Integration.csproj", "{135A5956-39CD-495C-8FB2-06678A90488D}"
EndProject
Project("{FAE04EC0-301F-11D3-BF4B-00C04F79EFBC}") = "CommandLine.Test", "test\CommandLine.Test\CommandLine.Test.csproj", "{5376E601-D111-4198-8BC2-F1118433CC83}"
EndProject
Project("{FAE04EC0-301F-11D3-BF4B-00C04F79EFBC}") = "TeamFoundationServer.Test", "test\TeamFoundationServer.Test\TeamFoundationServer.Test.csproj", "{F1A63FD0-E1DE-43C6-940A-754D3B6C0A77}"
EndProject
Project("{FAE04EC0-301F-11D3-BF4B-00C04F79EFBC}") = "VisualStudio11.Test", "test\VisualStudio11.Test\VisualStudio11.Test.csproj", "{25A2D439-B045-4059-9E1F-738362B72554}"
EndProject
Project("{FAE04EC0-301F-11D3-BF4B-00C04F79EFBC}") = "TeamFoundationServer11", "src\TeamFoundationServer11\TeamFoundationServer11.csproj", "{5220A205-0C3F-4CD5-B1B4-7CD5B8298D7A}"
EndProject
Project("{FAE04EC0-301F-11D3-BF4B-00C04F79EFBC}") = "VisualStudio12", "src\VisualStudio12\VisualStudio12.csproj", "{3DD213F7-999B-4C15-9560-BF9C96CB8C52}"
EndProject
Project("{FAE04EC0-301F-11D3-BF4B-00C04F79EFBC}") = "VsEvents", "src\VsEvents\VsEvents.csproj", "{1700E91F-4C23-4D98-ADE1-CA471A3D52B9}"
EndProject
Project("{FAE04EC0-301F-11D3-BF4B-00C04F79EFBC}") = "VsEvents.Test", "test\VsEvents.Test\VsEvents.Test.csproj", "{61C7D2E8-79A2-4645-AA84-3C81C89588E9}"
EndProject
Project("{FAE04EC0-301F-11D3-BF4B-00C04F79EFBC}") = "VisualStudio14", "src\VisualStudio14\VisualStudio14.csproj", "{EEA49A74-6EFC-410E-9745-BAD367AC151D}"
EndProject
Project("{FAE04EC0-301F-11D3-BF4B-00C04F79EFBC}") = "TeamFoundationServer14", "src\TeamFoundationServer14\TeamFoundationServer14.csproj", "{7DD28CAC-D7B8-4053-B820-9DA44565D40C}"
EndProject
Project("{FAE04EC0-301F-11D3-BF4B-00C04F79EFBC}") = "VisualStudioResources", "src\VisualStudioResources\VisualStudioResources.csproj", "{211C558C-1712-44E9-A959-FE2D2AA1DE34}"
EndProject
Project("{2150E333-8FDC-42A3-9474-1A3956D46DE8}") = "V3", "V3", "{F7AB250E-2479-4C9A-AFB2-67A9954918C3}"
EndProject
Project("{FAE04EC0-301F-11D3-BF4B-00C04F79EFBC}") = "NuGet.Client", "src\V3\NuGet.Client\NuGet.Client.csproj", "{56EF26E3-35FE-4857-BCE3-438089339C83}"
EndProject
Project("{FAE04EC0-301F-11D3-BF4B-00C04F79EFBC}") = "NuGet.Client.VisualStudio.UI", "src\V3\NuGet.Client.VisualStudio.UI\NuGet.Client.VisualStudio.UI.csproj", "{A8EFBE54-4136-4D15-8DB7-3FFECEE50682}"
EndProject
Project("{FAE04EC0-301F-11D3-BF4B-00C04F79EFBC}") = "NuGet.Client.V3Interop", "src\V3\NuGet.Client.V3Interop\NuGet.Client.V3Interop.csproj", "{9FE9B712-F684-43EC-8F20-F452C60437CB}"
EndProject
Project("{FAE04EC0-301F-11D3-BF4B-00C04F79EFBC}") = "NuGet.Client.CommandLine", "src\V3\NuGet.Client.CommandLine\NuGet.Client.CommandLine.csproj", "{253F3206-BEF0-4F7E-8D04-570E7E339643}"
EndProject
Project("{FAE04EC0-301F-11D3-BF4B-00C04F79EFBC}") = "NuGet.Client.VisualStudio.PowerShell", "src\V3\NuGet.Client.VisualStudio.PowerShell\NuGet.Client.VisualStudio.PowerShell.csproj", "{37465016-5F91-478B-B4E3-DC78B025797A}"
EndProject
Project("{FAE04EC0-301F-11D3-BF4B-00C04F79EFBC}") = "NuGet.Client.V2", "src\NuGet.Client.V2\NuGet.Client.V2.csproj", "{07536C1C-85C7-4150-ADA3-5705E7A9E3CA}"
EndProject
Project("{FAE04EC0-301F-11D3-BF4B-00C04F79EFBC}") = "NuGet.Client.V2.VisualStudio", "src\NuGet.Client.V2.VisualStudio\NuGet.Client.V2.VisualStudio.csproj", "{4E58E50B-8AAF-49EB-92C9-1BC4729D93C4}"
EndProject
Global
	GlobalSection(SolutionConfigurationPlatforms) = preSolution
		Coverage|Any CPU = Coverage|Any CPU
		Coverage|Mixed Platforms = Coverage|Mixed Platforms
		Debug|Any CPU = Debug|Any CPU
		Debug|Mixed Platforms = Debug|Mixed Platforms
		Mono Debug|Any CPU = Mono Debug|Any CPU
		Mono Debug|Mixed Platforms = Mono Debug|Mixed Platforms
		Mono Release|Any CPU = Mono Release|Any CPU
		Mono Release|Mixed Platforms = Mono Release|Mixed Platforms
		Release|Any CPU = Release|Any CPU
		Release|Mixed Platforms = Release|Mixed Platforms
	EndGlobalSection
	GlobalSection(ProjectConfigurationPlatforms) = postSolution
		{F879F274-EFA0-4157-8404-33A19B4E6AEC}.Coverage|Any CPU.ActiveCfg = Coverage|Any CPU
		{F879F274-EFA0-4157-8404-33A19B4E6AEC}.Coverage|Any CPU.Build.0 = Coverage|Any CPU
		{F879F274-EFA0-4157-8404-33A19B4E6AEC}.Coverage|Mixed Platforms.ActiveCfg = Coverage|Any CPU
		{F879F274-EFA0-4157-8404-33A19B4E6AEC}.Coverage|Mixed Platforms.Build.0 = Coverage|Any CPU
		{F879F274-EFA0-4157-8404-33A19B4E6AEC}.Debug|Any CPU.ActiveCfg = Debug|Any CPU
		{F879F274-EFA0-4157-8404-33A19B4E6AEC}.Debug|Any CPU.Build.0 = Debug|Any CPU
		{F879F274-EFA0-4157-8404-33A19B4E6AEC}.Debug|Mixed Platforms.ActiveCfg = Debug|Any CPU
		{F879F274-EFA0-4157-8404-33A19B4E6AEC}.Debug|Mixed Platforms.Build.0 = Debug|Any CPU
		{F879F274-EFA0-4157-8404-33A19B4E6AEC}.Mono Debug|Any CPU.ActiveCfg = Debug|Any CPU
		{F879F274-EFA0-4157-8404-33A19B4E6AEC}.Mono Debug|Any CPU.Build.0 = Debug|Any CPU
		{F879F274-EFA0-4157-8404-33A19B4E6AEC}.Mono Debug|Mixed Platforms.ActiveCfg = Debug|Any CPU
		{F879F274-EFA0-4157-8404-33A19B4E6AEC}.Mono Debug|Mixed Platforms.Build.0 = Debug|Any CPU
		{F879F274-EFA0-4157-8404-33A19B4E6AEC}.Mono Release|Any CPU.ActiveCfg = Release|Any CPU
		{F879F274-EFA0-4157-8404-33A19B4E6AEC}.Mono Release|Any CPU.Build.0 = Release|Any CPU
		{F879F274-EFA0-4157-8404-33A19B4E6AEC}.Mono Release|Mixed Platforms.ActiveCfg = Release|Any CPU
		{F879F274-EFA0-4157-8404-33A19B4E6AEC}.Mono Release|Mixed Platforms.Build.0 = Release|Any CPU
		{F879F274-EFA0-4157-8404-33A19B4E6AEC}.Release|Any CPU.ActiveCfg = Release|Any CPU
		{F879F274-EFA0-4157-8404-33A19B4E6AEC}.Release|Any CPU.Build.0 = Release|Any CPU
		{F879F274-EFA0-4157-8404-33A19B4E6AEC}.Release|Mixed Platforms.ActiveCfg = Release|Any CPU
		{F879F274-EFA0-4157-8404-33A19B4E6AEC}.Release|Mixed Platforms.Build.0 = Release|Any CPU
		{6146CA62-CC16-422C-A105-3E81F7452AA6}.Coverage|Any CPU.ActiveCfg = Coverage|Any CPU
		{6146CA62-CC16-422C-A105-3E81F7452AA6}.Coverage|Any CPU.Build.0 = Coverage|Any CPU
		{6146CA62-CC16-422C-A105-3E81F7452AA6}.Coverage|Mixed Platforms.ActiveCfg = Coverage|Any CPU
		{6146CA62-CC16-422C-A105-3E81F7452AA6}.Coverage|Mixed Platforms.Build.0 = Coverage|Any CPU
		{6146CA62-CC16-422C-A105-3E81F7452AA6}.Debug|Any CPU.ActiveCfg = Debug|Any CPU
		{6146CA62-CC16-422C-A105-3E81F7452AA6}.Debug|Any CPU.Build.0 = Debug|Any CPU
		{6146CA62-CC16-422C-A105-3E81F7452AA6}.Debug|Mixed Platforms.ActiveCfg = Debug|Any CPU
		{6146CA62-CC16-422C-A105-3E81F7452AA6}.Debug|Mixed Platforms.Build.0 = Debug|Any CPU
		{6146CA62-CC16-422C-A105-3E81F7452AA6}.Mono Debug|Any CPU.ActiveCfg = Debug|Any CPU
		{6146CA62-CC16-422C-A105-3E81F7452AA6}.Mono Debug|Any CPU.Build.0 = Debug|Any CPU
		{6146CA62-CC16-422C-A105-3E81F7452AA6}.Mono Debug|Mixed Platforms.ActiveCfg = Debug|Any CPU
		{6146CA62-CC16-422C-A105-3E81F7452AA6}.Mono Release|Any CPU.ActiveCfg = Release|Any CPU
		{6146CA62-CC16-422C-A105-3E81F7452AA6}.Mono Release|Any CPU.Build.0 = Release|Any CPU
		{6146CA62-CC16-422C-A105-3E81F7452AA6}.Mono Release|Mixed Platforms.ActiveCfg = Release|Any CPU
		{6146CA62-CC16-422C-A105-3E81F7452AA6}.Release|Any CPU.ActiveCfg = Release|Any CPU
		{6146CA62-CC16-422C-A105-3E81F7452AA6}.Release|Any CPU.Build.0 = Release|Any CPU
		{6146CA62-CC16-422C-A105-3E81F7452AA6}.Release|Mixed Platforms.ActiveCfg = Release|Any CPU
		{6146CA62-CC16-422C-A105-3E81F7452AA6}.Release|Mixed Platforms.Build.0 = Release|Any CPU
		{D3106412-E3AF-4CB6-B6D3-3664465B491F}.Coverage|Any CPU.ActiveCfg = Coverage|Any CPU
		{D3106412-E3AF-4CB6-B6D3-3664465B491F}.Coverage|Any CPU.Build.0 = Coverage|Any CPU
		{D3106412-E3AF-4CB6-B6D3-3664465B491F}.Coverage|Mixed Platforms.ActiveCfg = Coverage|Any CPU
		{D3106412-E3AF-4CB6-B6D3-3664465B491F}.Coverage|Mixed Platforms.Build.0 = Coverage|Any CPU
		{D3106412-E3AF-4CB6-B6D3-3664465B491F}.Debug|Any CPU.ActiveCfg = Debug|Any CPU
		{D3106412-E3AF-4CB6-B6D3-3664465B491F}.Debug|Any CPU.Build.0 = Debug|Any CPU
		{D3106412-E3AF-4CB6-B6D3-3664465B491F}.Debug|Mixed Platforms.ActiveCfg = Debug|Any CPU
		{D3106412-E3AF-4CB6-B6D3-3664465B491F}.Debug|Mixed Platforms.Build.0 = Debug|Any CPU
		{D3106412-E3AF-4CB6-B6D3-3664465B491F}.Mono Debug|Any CPU.ActiveCfg = Debug|Any CPU
		{D3106412-E3AF-4CB6-B6D3-3664465B491F}.Mono Debug|Any CPU.Build.0 = Debug|Any CPU
		{D3106412-E3AF-4CB6-B6D3-3664465B491F}.Mono Debug|Mixed Platforms.ActiveCfg = Debug|Any CPU
		{D3106412-E3AF-4CB6-B6D3-3664465B491F}.Mono Debug|Mixed Platforms.Build.0 = Debug|Any CPU
		{D3106412-E3AF-4CB6-B6D3-3664465B491F}.Mono Release|Any CPU.ActiveCfg = Release|Any CPU
		{D3106412-E3AF-4CB6-B6D3-3664465B491F}.Mono Release|Any CPU.Build.0 = Release|Any CPU
		{D3106412-E3AF-4CB6-B6D3-3664465B491F}.Mono Release|Mixed Platforms.ActiveCfg = Release|Any CPU
		{D3106412-E3AF-4CB6-B6D3-3664465B491F}.Mono Release|Mixed Platforms.Build.0 = Release|Any CPU
		{D3106412-E3AF-4CB6-B6D3-3664465B491F}.Release|Any CPU.ActiveCfg = Release|Any CPU
		{D3106412-E3AF-4CB6-B6D3-3664465B491F}.Release|Any CPU.Build.0 = Release|Any CPU
		{D3106412-E3AF-4CB6-B6D3-3664465B491F}.Release|Mixed Platforms.ActiveCfg = Release|Any CPU
		{D3106412-E3AF-4CB6-B6D3-3664465B491F}.Release|Mixed Platforms.Build.0 = Release|Any CPU
		{793B20A9-E263-4B54-BB31-305B602087CE}.Coverage|Any CPU.ActiveCfg = Coverage|Any CPU
		{793B20A9-E263-4B54-BB31-305B602087CE}.Coverage|Any CPU.Build.0 = Coverage|Any CPU
		{793B20A9-E263-4B54-BB31-305B602087CE}.Coverage|Mixed Platforms.ActiveCfg = Coverage|Any CPU
		{793B20A9-E263-4B54-BB31-305B602087CE}.Coverage|Mixed Platforms.Build.0 = Coverage|Any CPU
		{793B20A9-E263-4B54-BB31-305B602087CE}.Debug|Any CPU.ActiveCfg = Debug|Any CPU
		{793B20A9-E263-4B54-BB31-305B602087CE}.Debug|Any CPU.Build.0 = Debug|Any CPU
		{793B20A9-E263-4B54-BB31-305B602087CE}.Debug|Mixed Platforms.ActiveCfg = Debug|Any CPU
		{793B20A9-E263-4B54-BB31-305B602087CE}.Debug|Mixed Platforms.Build.0 = Debug|Any CPU
		{793B20A9-E263-4B54-BB31-305B602087CE}.Mono Debug|Any CPU.ActiveCfg = Debug|Any CPU
		{793B20A9-E263-4B54-BB31-305B602087CE}.Mono Debug|Mixed Platforms.ActiveCfg = Debug|Any CPU
		{793B20A9-E263-4B54-BB31-305B602087CE}.Mono Release|Any CPU.ActiveCfg = Release|Any CPU
		{793B20A9-E263-4B54-BB31-305B602087CE}.Mono Release|Mixed Platforms.ActiveCfg = Release|Any CPU
		{793B20A9-E263-4B54-BB31-305B602087CE}.Release|Any CPU.ActiveCfg = Release|Any CPU
		{793B20A9-E263-4B54-BB31-305B602087CE}.Release|Any CPU.Build.0 = Release|Any CPU
		{793B20A9-E263-4B54-BB31-305B602087CE}.Release|Mixed Platforms.ActiveCfg = Release|Any CPU
		{793B20A9-E263-4B54-BB31-305B602087CE}.Release|Mixed Platforms.Build.0 = Release|Any CPU
		{D0F9864B-D782-4471-81A2-29555E5DC0D7}.Coverage|Any CPU.ActiveCfg = Coverage|Any CPU
		{D0F9864B-D782-4471-81A2-29555E5DC0D7}.Coverage|Any CPU.Build.0 = Coverage|Any CPU
		{D0F9864B-D782-4471-81A2-29555E5DC0D7}.Coverage|Mixed Platforms.ActiveCfg = Coverage|Any CPU
		{D0F9864B-D782-4471-81A2-29555E5DC0D7}.Coverage|Mixed Platforms.Build.0 = Coverage|Any CPU
		{D0F9864B-D782-4471-81A2-29555E5DC0D7}.Debug|Any CPU.ActiveCfg = Debug|Any CPU
		{D0F9864B-D782-4471-81A2-29555E5DC0D7}.Debug|Any CPU.Build.0 = Debug|Any CPU
		{D0F9864B-D782-4471-81A2-29555E5DC0D7}.Debug|Mixed Platforms.ActiveCfg = Debug|Any CPU
		{D0F9864B-D782-4471-81A2-29555E5DC0D7}.Debug|Mixed Platforms.Build.0 = Debug|Any CPU
		{D0F9864B-D782-4471-81A2-29555E5DC0D7}.Mono Debug|Any CPU.ActiveCfg = Debug|Any CPU
		{D0F9864B-D782-4471-81A2-29555E5DC0D7}.Mono Debug|Mixed Platforms.ActiveCfg = Debug|Any CPU
		{D0F9864B-D782-4471-81A2-29555E5DC0D7}.Mono Release|Any CPU.ActiveCfg = Release|Any CPU
		{D0F9864B-D782-4471-81A2-29555E5DC0D7}.Mono Release|Mixed Platforms.ActiveCfg = Release|Any CPU
		{D0F9864B-D782-4471-81A2-29555E5DC0D7}.Release|Any CPU.ActiveCfg = Release|Any CPU
		{D0F9864B-D782-4471-81A2-29555E5DC0D7}.Release|Any CPU.Build.0 = Release|Any CPU
		{D0F9864B-D782-4471-81A2-29555E5DC0D7}.Release|Mixed Platforms.ActiveCfg = Release|Any CPU
		{D0F9864B-D782-4471-81A2-29555E5DC0D7}.Release|Mixed Platforms.Build.0 = Release|Any CPU
		{50E33DA2-AF14-486D-81B8-BD8409744A38}.Coverage|Any CPU.ActiveCfg = Coverage|Any CPU
		{50E33DA2-AF14-486D-81B8-BD8409744A38}.Coverage|Any CPU.Build.0 = Coverage|Any CPU
		{50E33DA2-AF14-486D-81B8-BD8409744A38}.Coverage|Mixed Platforms.ActiveCfg = Coverage|Any CPU
		{50E33DA2-AF14-486D-81B8-BD8409744A38}.Coverage|Mixed Platforms.Build.0 = Coverage|Any CPU
		{50E33DA2-AF14-486D-81B8-BD8409744A38}.Debug|Any CPU.ActiveCfg = Debug|Any CPU
		{50E33DA2-AF14-486D-81B8-BD8409744A38}.Debug|Any CPU.Build.0 = Debug|Any CPU
		{50E33DA2-AF14-486D-81B8-BD8409744A38}.Debug|Mixed Platforms.ActiveCfg = Debug|Any CPU
		{50E33DA2-AF14-486D-81B8-BD8409744A38}.Debug|Mixed Platforms.Build.0 = Debug|Any CPU
		{50E33DA2-AF14-486D-81B8-BD8409744A38}.Mono Debug|Any CPU.ActiveCfg = Debug|Any CPU
		{50E33DA2-AF14-486D-81B8-BD8409744A38}.Mono Debug|Any CPU.Build.0 = Debug|Any CPU
		{50E33DA2-AF14-486D-81B8-BD8409744A38}.Mono Debug|Mixed Platforms.ActiveCfg = Debug|Any CPU
		{50E33DA2-AF14-486D-81B8-BD8409744A38}.Mono Release|Any CPU.ActiveCfg = Release|Any CPU
		{50E33DA2-AF14-486D-81B8-BD8409744A38}.Mono Release|Any CPU.Build.0 = Release|Any CPU
		{50E33DA2-AF14-486D-81B8-BD8409744A38}.Mono Release|Mixed Platforms.ActiveCfg = Release|Any CPU
		{50E33DA2-AF14-486D-81B8-BD8409744A38}.Release|Any CPU.ActiveCfg = Release|Any CPU
		{50E33DA2-AF14-486D-81B8-BD8409744A38}.Release|Any CPU.Build.0 = Release|Any CPU
		{50E33DA2-AF14-486D-81B8-BD8409744A38}.Release|Mixed Platforms.ActiveCfg = Release|Any CPU
		{50E33DA2-AF14-486D-81B8-BD8409744A38}.Release|Mixed Platforms.Build.0 = Release|Any CPU
		{5A79EEF3-51C0-4A14-8D37-50EF38AD835D}.Coverage|Any CPU.ActiveCfg = Coverage|Any CPU
		{5A79EEF3-51C0-4A14-8D37-50EF38AD835D}.Coverage|Any CPU.Build.0 = Coverage|Any CPU
		{5A79EEF3-51C0-4A14-8D37-50EF38AD835D}.Coverage|Mixed Platforms.ActiveCfg = Coverage|Any CPU
		{5A79EEF3-51C0-4A14-8D37-50EF38AD835D}.Coverage|Mixed Platforms.Build.0 = Coverage|Any CPU
		{5A79EEF3-51C0-4A14-8D37-50EF38AD835D}.Debug|Any CPU.ActiveCfg = Debug|Any CPU
		{5A79EEF3-51C0-4A14-8D37-50EF38AD835D}.Debug|Any CPU.Build.0 = Debug|Any CPU
		{5A79EEF3-51C0-4A14-8D37-50EF38AD835D}.Debug|Mixed Platforms.ActiveCfg = Debug|Any CPU
		{5A79EEF3-51C0-4A14-8D37-50EF38AD835D}.Debug|Mixed Platforms.Build.0 = Debug|Any CPU
		{5A79EEF3-51C0-4A14-8D37-50EF38AD835D}.Mono Debug|Any CPU.ActiveCfg = Debug|Any CPU
		{5A79EEF3-51C0-4A14-8D37-50EF38AD835D}.Mono Debug|Any CPU.Build.0 = Debug|Any CPU
		{5A79EEF3-51C0-4A14-8D37-50EF38AD835D}.Mono Debug|Mixed Platforms.ActiveCfg = Debug|Any CPU
		{5A79EEF3-51C0-4A14-8D37-50EF38AD835D}.Mono Release|Any CPU.ActiveCfg = Release|Any CPU
		{5A79EEF3-51C0-4A14-8D37-50EF38AD835D}.Mono Release|Any CPU.Build.0 = Release|Any CPU
		{5A79EEF3-51C0-4A14-8D37-50EF38AD835D}.Mono Release|Mixed Platforms.ActiveCfg = Release|Any CPU
		{5A79EEF3-51C0-4A14-8D37-50EF38AD835D}.Release|Any CPU.ActiveCfg = Release|Any CPU
		{5A79EEF3-51C0-4A14-8D37-50EF38AD835D}.Release|Any CPU.Build.0 = Release|Any CPU
		{5A79EEF3-51C0-4A14-8D37-50EF38AD835D}.Release|Mixed Platforms.ActiveCfg = Release|Any CPU
		{5A79EEF3-51C0-4A14-8D37-50EF38AD835D}.Release|Mixed Platforms.Build.0 = Release|Any CPU
		{B34A6632-E627-4B66-8E0A-D2DA3BC96893}.Coverage|Any CPU.ActiveCfg = Coverage|x86
		{B34A6632-E627-4B66-8E0A-D2DA3BC96893}.Coverage|Any CPU.Build.0 = Coverage|x86
		{B34A6632-E627-4B66-8E0A-D2DA3BC96893}.Coverage|Mixed Platforms.ActiveCfg = Coverage|x86
		{B34A6632-E627-4B66-8E0A-D2DA3BC96893}.Coverage|Mixed Platforms.Build.0 = Coverage|x86
		{B34A6632-E627-4B66-8E0A-D2DA3BC96893}.Debug|Any CPU.ActiveCfg = Debug|x86
		{B34A6632-E627-4B66-8E0A-D2DA3BC96893}.Debug|Any CPU.Build.0 = Debug|x86
		{B34A6632-E627-4B66-8E0A-D2DA3BC96893}.Debug|Mixed Platforms.ActiveCfg = Debug|x86
		{B34A6632-E627-4B66-8E0A-D2DA3BC96893}.Debug|Mixed Platforms.Build.0 = Debug|x86
		{B34A6632-E627-4B66-8E0A-D2DA3BC96893}.Mono Debug|Any CPU.ActiveCfg = Debug|x86
		{B34A6632-E627-4B66-8E0A-D2DA3BC96893}.Mono Debug|Mixed Platforms.ActiveCfg = Debug|x86
		{B34A6632-E627-4B66-8E0A-D2DA3BC96893}.Mono Debug|Mixed Platforms.Build.0 = Debug|x86
		{B34A6632-E627-4B66-8E0A-D2DA3BC96893}.Mono Release|Any CPU.ActiveCfg = Release|x86
		{B34A6632-E627-4B66-8E0A-D2DA3BC96893}.Mono Release|Mixed Platforms.ActiveCfg = Release|x86
		{B34A6632-E627-4B66-8E0A-D2DA3BC96893}.Mono Release|Mixed Platforms.Build.0 = Release|x86
		{B34A6632-E627-4B66-8E0A-D2DA3BC96893}.Release|Any CPU.ActiveCfg = Release|x86
		{B34A6632-E627-4B66-8E0A-D2DA3BC96893}.Release|Any CPU.Build.0 = Release|x86
		{B34A6632-E627-4B66-8E0A-D2DA3BC96893}.Release|Mixed Platforms.ActiveCfg = Release|x86
		{B34A6632-E627-4B66-8E0A-D2DA3BC96893}.Release|Mixed Platforms.Build.0 = Release|x86
		{5FC1C439-9263-470E-9C09-6E8B1E24C6B2}.Coverage|Any CPU.ActiveCfg = Coverage|Any CPU
		{5FC1C439-9263-470E-9C09-6E8B1E24C6B2}.Coverage|Any CPU.Build.0 = Coverage|Any CPU
		{5FC1C439-9263-470E-9C09-6E8B1E24C6B2}.Coverage|Mixed Platforms.ActiveCfg = Coverage|Any CPU
		{5FC1C439-9263-470E-9C09-6E8B1E24C6B2}.Coverage|Mixed Platforms.Build.0 = Coverage|Any CPU
		{5FC1C439-9263-470E-9C09-6E8B1E24C6B2}.Debug|Any CPU.ActiveCfg = Debug|Any CPU
		{5FC1C439-9263-470E-9C09-6E8B1E24C6B2}.Debug|Any CPU.Build.0 = Debug|Any CPU
		{5FC1C439-9263-470E-9C09-6E8B1E24C6B2}.Debug|Mixed Platforms.ActiveCfg = Debug|Any CPU
		{5FC1C439-9263-470E-9C09-6E8B1E24C6B2}.Debug|Mixed Platforms.Build.0 = Debug|Any CPU
		{5FC1C439-9263-470E-9C09-6E8B1E24C6B2}.Mono Debug|Any CPU.ActiveCfg = Debug|Any CPU
		{5FC1C439-9263-470E-9C09-6E8B1E24C6B2}.Mono Debug|Any CPU.Build.0 = Debug|Any CPU
		{5FC1C439-9263-470E-9C09-6E8B1E24C6B2}.Mono Debug|Mixed Platforms.ActiveCfg = Debug|Any CPU
		{5FC1C439-9263-470E-9C09-6E8B1E24C6B2}.Mono Release|Any CPU.ActiveCfg = Release|Any CPU
		{5FC1C439-9263-470E-9C09-6E8B1E24C6B2}.Mono Release|Any CPU.Build.0 = Release|Any CPU
		{5FC1C439-9263-470E-9C09-6E8B1E24C6B2}.Mono Release|Mixed Platforms.ActiveCfg = Release|Any CPU
		{5FC1C439-9263-470E-9C09-6E8B1E24C6B2}.Release|Any CPU.ActiveCfg = Release|Any CPU
		{5FC1C439-9263-470E-9C09-6E8B1E24C6B2}.Release|Any CPU.Build.0 = Release|Any CPU
		{5FC1C439-9263-470E-9C09-6E8B1E24C6B2}.Release|Mixed Platforms.ActiveCfg = Release|Any CPU
		{5FC1C439-9263-470E-9C09-6E8B1E24C6B2}.Release|Mixed Platforms.Build.0 = Release|Any CPU
		{A5E7AEB3-738F-4C39-A459-00F90483B2FE}.Coverage|Any CPU.ActiveCfg = Coverage|Any CPU
		{A5E7AEB3-738F-4C39-A459-00F90483B2FE}.Coverage|Any CPU.Build.0 = Coverage|Any CPU
		{A5E7AEB3-738F-4C39-A459-00F90483B2FE}.Coverage|Mixed Platforms.ActiveCfg = Coverage|Any CPU
		{A5E7AEB3-738F-4C39-A459-00F90483B2FE}.Coverage|Mixed Platforms.Build.0 = Coverage|Any CPU
		{A5E7AEB3-738F-4C39-A459-00F90483B2FE}.Debug|Any CPU.ActiveCfg = Debug|Any CPU
		{A5E7AEB3-738F-4C39-A459-00F90483B2FE}.Debug|Any CPU.Build.0 = Debug|Any CPU
		{A5E7AEB3-738F-4C39-A459-00F90483B2FE}.Debug|Mixed Platforms.ActiveCfg = Debug|Any CPU
		{A5E7AEB3-738F-4C39-A459-00F90483B2FE}.Debug|Mixed Platforms.Build.0 = Debug|Any CPU
		{A5E7AEB3-738F-4C39-A459-00F90483B2FE}.Mono Debug|Any CPU.ActiveCfg = Debug|Any CPU
		{A5E7AEB3-738F-4C39-A459-00F90483B2FE}.Mono Debug|Any CPU.Build.0 = Debug|Any CPU
		{A5E7AEB3-738F-4C39-A459-00F90483B2FE}.Mono Debug|Mixed Platforms.ActiveCfg = Debug|Any CPU
		{A5E7AEB3-738F-4C39-A459-00F90483B2FE}.Mono Release|Any CPU.ActiveCfg = Release|Any CPU
		{A5E7AEB3-738F-4C39-A459-00F90483B2FE}.Mono Release|Any CPU.Build.0 = Release|Any CPU
		{A5E7AEB3-738F-4C39-A459-00F90483B2FE}.Mono Release|Mixed Platforms.ActiveCfg = Release|Any CPU
		{A5E7AEB3-738F-4C39-A459-00F90483B2FE}.Release|Any CPU.ActiveCfg = Release|Any CPU
		{A5E7AEB3-738F-4C39-A459-00F90483B2FE}.Release|Any CPU.Build.0 = Release|Any CPU
		{A5E7AEB3-738F-4C39-A459-00F90483B2FE}.Release|Mixed Platforms.ActiveCfg = Release|Any CPU
		{A5E7AEB3-738F-4C39-A459-00F90483B2FE}.Release|Mixed Platforms.Build.0 = Release|Any CPU
		{3840480F-EA53-4CD4-8155-7CA579CB8E37}.Coverage|Any CPU.ActiveCfg = Coverage|Any CPU
		{3840480F-EA53-4CD4-8155-7CA579CB8E37}.Coverage|Any CPU.Build.0 = Coverage|Any CPU
		{3840480F-EA53-4CD4-8155-7CA579CB8E37}.Coverage|Mixed Platforms.ActiveCfg = Coverage|Any CPU
		{3840480F-EA53-4CD4-8155-7CA579CB8E37}.Coverage|Mixed Platforms.Build.0 = Coverage|Any CPU
		{3840480F-EA53-4CD4-8155-7CA579CB8E37}.Debug|Any CPU.ActiveCfg = Debug|Any CPU
		{3840480F-EA53-4CD4-8155-7CA579CB8E37}.Debug|Any CPU.Build.0 = Debug|Any CPU
		{3840480F-EA53-4CD4-8155-7CA579CB8E37}.Debug|Mixed Platforms.ActiveCfg = Debug|Any CPU
		{3840480F-EA53-4CD4-8155-7CA579CB8E37}.Debug|Mixed Platforms.Build.0 = Debug|Any CPU
		{3840480F-EA53-4CD4-8155-7CA579CB8E37}.Mono Debug|Any CPU.ActiveCfg = Debug|Any CPU
		{3840480F-EA53-4CD4-8155-7CA579CB8E37}.Mono Debug|Any CPU.Build.0 = Debug|Any CPU
		{3840480F-EA53-4CD4-8155-7CA579CB8E37}.Mono Debug|Mixed Platforms.ActiveCfg = Debug|Any CPU
		{3840480F-EA53-4CD4-8155-7CA579CB8E37}.Mono Release|Any CPU.ActiveCfg = Release|Any CPU
		{3840480F-EA53-4CD4-8155-7CA579CB8E37}.Mono Release|Any CPU.Build.0 = Release|Any CPU
		{3840480F-EA53-4CD4-8155-7CA579CB8E37}.Mono Release|Mixed Platforms.ActiveCfg = Release|Any CPU
		{3840480F-EA53-4CD4-8155-7CA579CB8E37}.Release|Any CPU.ActiveCfg = Release|Any CPU
		{3840480F-EA53-4CD4-8155-7CA579CB8E37}.Release|Any CPU.Build.0 = Release|Any CPU
		{3840480F-EA53-4CD4-8155-7CA579CB8E37}.Release|Mixed Platforms.ActiveCfg = Release|Any CPU
		{3840480F-EA53-4CD4-8155-7CA579CB8E37}.Release|Mixed Platforms.Build.0 = Release|Any CPU
		{5B445EB1-3D2F-4D03-A004-09275F649419}.Coverage|Any CPU.ActiveCfg = Coverage|Any CPU
		{5B445EB1-3D2F-4D03-A004-09275F649419}.Coverage|Any CPU.Build.0 = Coverage|Any CPU
		{5B445EB1-3D2F-4D03-A004-09275F649419}.Coverage|Mixed Platforms.ActiveCfg = Coverage|Any CPU
		{5B445EB1-3D2F-4D03-A004-09275F649419}.Coverage|Mixed Platforms.Build.0 = Coverage|Any CPU
		{5B445EB1-3D2F-4D03-A004-09275F649419}.Debug|Any CPU.ActiveCfg = Debug|Any CPU
		{5B445EB1-3D2F-4D03-A004-09275F649419}.Debug|Any CPU.Build.0 = Debug|Any CPU
		{5B445EB1-3D2F-4D03-A004-09275F649419}.Debug|Mixed Platforms.ActiveCfg = Debug|Any CPU
		{5B445EB1-3D2F-4D03-A004-09275F649419}.Debug|Mixed Platforms.Build.0 = Debug|Any CPU
		{5B445EB1-3D2F-4D03-A004-09275F649419}.Mono Debug|Any CPU.ActiveCfg = Debug|Any CPU
		{5B445EB1-3D2F-4D03-A004-09275F649419}.Mono Debug|Any CPU.Build.0 = Debug|Any CPU
		{5B445EB1-3D2F-4D03-A004-09275F649419}.Mono Debug|Mixed Platforms.ActiveCfg = Debug|Any CPU
		{5B445EB1-3D2F-4D03-A004-09275F649419}.Mono Release|Any CPU.ActiveCfg = Release|Any CPU
		{5B445EB1-3D2F-4D03-A004-09275F649419}.Mono Release|Any CPU.Build.0 = Release|Any CPU
		{5B445EB1-3D2F-4D03-A004-09275F649419}.Mono Release|Mixed Platforms.ActiveCfg = Release|Any CPU
		{5B445EB1-3D2F-4D03-A004-09275F649419}.Release|Any CPU.ActiveCfg = Release|Any CPU
		{5B445EB1-3D2F-4D03-A004-09275F649419}.Release|Any CPU.Build.0 = Release|Any CPU
		{5B445EB1-3D2F-4D03-A004-09275F649419}.Release|Mixed Platforms.ActiveCfg = Release|Any CPU
		{5B445EB1-3D2F-4D03-A004-09275F649419}.Release|Mixed Platforms.Build.0 = Release|Any CPU
		{F016882A-C798-4446-BB75-D3C393A38B32}.Coverage|Any CPU.ActiveCfg = Coverage|Any CPU
		{F016882A-C798-4446-BB75-D3C393A38B32}.Coverage|Any CPU.Build.0 = Coverage|Any CPU
		{F016882A-C798-4446-BB75-D3C393A38B32}.Coverage|Mixed Platforms.ActiveCfg = Coverage|Any CPU
		{F016882A-C798-4446-BB75-D3C393A38B32}.Coverage|Mixed Platforms.Build.0 = Coverage|Any CPU
		{F016882A-C798-4446-BB75-D3C393A38B32}.Debug|Any CPU.ActiveCfg = Debug|Any CPU
		{F016882A-C798-4446-BB75-D3C393A38B32}.Debug|Any CPU.Build.0 = Debug|Any CPU
		{F016882A-C798-4446-BB75-D3C393A38B32}.Debug|Mixed Platforms.ActiveCfg = Debug|Any CPU
		{F016882A-C798-4446-BB75-D3C393A38B32}.Debug|Mixed Platforms.Build.0 = Debug|Any CPU
		{F016882A-C798-4446-BB75-D3C393A38B32}.Mono Debug|Any CPU.ActiveCfg = Debug|Any CPU
		{F016882A-C798-4446-BB75-D3C393A38B32}.Mono Debug|Any CPU.Build.0 = Debug|Any CPU
		{F016882A-C798-4446-BB75-D3C393A38B32}.Mono Debug|Mixed Platforms.ActiveCfg = Debug|Any CPU
		{F016882A-C798-4446-BB75-D3C393A38B32}.Mono Debug|Mixed Platforms.Build.0 = Debug|Any CPU
		{F016882A-C798-4446-BB75-D3C393A38B32}.Mono Release|Any CPU.ActiveCfg = Release|Any CPU
		{F016882A-C798-4446-BB75-D3C393A38B32}.Mono Release|Any CPU.Build.0 = Release|Any CPU
		{F016882A-C798-4446-BB75-D3C393A38B32}.Mono Release|Mixed Platforms.ActiveCfg = Release|Any CPU
		{F016882A-C798-4446-BB75-D3C393A38B32}.Mono Release|Mixed Platforms.Build.0 = Release|Any CPU
		{F016882A-C798-4446-BB75-D3C393A38B32}.Release|Any CPU.ActiveCfg = Release|Any CPU
		{F016882A-C798-4446-BB75-D3C393A38B32}.Release|Any CPU.Build.0 = Release|Any CPU
		{F016882A-C798-4446-BB75-D3C393A38B32}.Release|Mixed Platforms.ActiveCfg = Release|Any CPU
		{F016882A-C798-4446-BB75-D3C393A38B32}.Release|Mixed Platforms.Build.0 = Release|Any CPU
		{6FD11460-39A3-4A10-BA63-7541B0A7D053}.Coverage|Any CPU.ActiveCfg = Coverage|Any CPU
		{6FD11460-39A3-4A10-BA63-7541B0A7D053}.Coverage|Any CPU.Build.0 = Coverage|Any CPU
		{6FD11460-39A3-4A10-BA63-7541B0A7D053}.Coverage|Mixed Platforms.ActiveCfg = Coverage|Any CPU
		{6FD11460-39A3-4A10-BA63-7541B0A7D053}.Coverage|Mixed Platforms.Build.0 = Coverage|Any CPU
		{6FD11460-39A3-4A10-BA63-7541B0A7D053}.Debug|Any CPU.ActiveCfg = Debug|Any CPU
		{6FD11460-39A3-4A10-BA63-7541B0A7D053}.Debug|Any CPU.Build.0 = Debug|Any CPU
		{6FD11460-39A3-4A10-BA63-7541B0A7D053}.Debug|Mixed Platforms.ActiveCfg = Debug|Any CPU
		{6FD11460-39A3-4A10-BA63-7541B0A7D053}.Debug|Mixed Platforms.Build.0 = Debug|Any CPU
		{6FD11460-39A3-4A10-BA63-7541B0A7D053}.Mono Debug|Any CPU.ActiveCfg = Debug|Any CPU
		{6FD11460-39A3-4A10-BA63-7541B0A7D053}.Mono Debug|Any CPU.Build.0 = Debug|Any CPU
		{6FD11460-39A3-4A10-BA63-7541B0A7D053}.Mono Debug|Mixed Platforms.ActiveCfg = Debug|Any CPU
		{6FD11460-39A3-4A10-BA63-7541B0A7D053}.Mono Release|Any CPU.ActiveCfg = Release|Any CPU
		{6FD11460-39A3-4A10-BA63-7541B0A7D053}.Mono Release|Any CPU.Build.0 = Release|Any CPU
		{6FD11460-39A3-4A10-BA63-7541B0A7D053}.Mono Release|Mixed Platforms.ActiveCfg = Release|Any CPU
		{6FD11460-39A3-4A10-BA63-7541B0A7D053}.Release|Any CPU.ActiveCfg = Release|Any CPU
		{6FD11460-39A3-4A10-BA63-7541B0A7D053}.Release|Any CPU.Build.0 = Release|Any CPU
		{6FD11460-39A3-4A10-BA63-7541B0A7D053}.Release|Mixed Platforms.ActiveCfg = Release|Any CPU
		{6FD11460-39A3-4A10-BA63-7541B0A7D053}.Release|Mixed Platforms.Build.0 = Release|Any CPU
		{84AC92A6-06B4-41B7-81EC-EFE91356D17C}.Coverage|Any CPU.ActiveCfg = Coverage|Any CPU
		{84AC92A6-06B4-41B7-81EC-EFE91356D17C}.Coverage|Any CPU.Build.0 = Coverage|Any CPU
		{84AC92A6-06B4-41B7-81EC-EFE91356D17C}.Coverage|Mixed Platforms.ActiveCfg = Coverage|Any CPU
		{84AC92A6-06B4-41B7-81EC-EFE91356D17C}.Coverage|Mixed Platforms.Build.0 = Coverage|Any CPU
		{84AC92A6-06B4-41B7-81EC-EFE91356D17C}.Debug|Any CPU.ActiveCfg = Debug|Any CPU
		{84AC92A6-06B4-41B7-81EC-EFE91356D17C}.Debug|Any CPU.Build.0 = Debug|Any CPU
		{84AC92A6-06B4-41B7-81EC-EFE91356D17C}.Debug|Mixed Platforms.ActiveCfg = Debug|Any CPU
		{84AC92A6-06B4-41B7-81EC-EFE91356D17C}.Debug|Mixed Platforms.Build.0 = Debug|Any CPU
		{84AC92A6-06B4-41B7-81EC-EFE91356D17C}.Mono Debug|Any CPU.ActiveCfg = Debug|Any CPU
		{84AC92A6-06B4-41B7-81EC-EFE91356D17C}.Mono Debug|Any CPU.Build.0 = Debug|Any CPU
		{84AC92A6-06B4-41B7-81EC-EFE91356D17C}.Mono Debug|Mixed Platforms.ActiveCfg = Debug|Any CPU
		{84AC92A6-06B4-41B7-81EC-EFE91356D17C}.Mono Release|Any CPU.ActiveCfg = Release|Any CPU
		{84AC92A6-06B4-41B7-81EC-EFE91356D17C}.Mono Release|Any CPU.Build.0 = Release|Any CPU
		{84AC92A6-06B4-41B7-81EC-EFE91356D17C}.Mono Release|Mixed Platforms.ActiveCfg = Release|Any CPU
		{84AC92A6-06B4-41B7-81EC-EFE91356D17C}.Release|Any CPU.ActiveCfg = Release|Any CPU
		{84AC92A6-06B4-41B7-81EC-EFE91356D17C}.Release|Any CPU.Build.0 = Release|Any CPU
		{84AC92A6-06B4-41B7-81EC-EFE91356D17C}.Release|Mixed Platforms.ActiveCfg = Release|Any CPU
		{84AC92A6-06B4-41B7-81EC-EFE91356D17C}.Release|Mixed Platforms.Build.0 = Release|Any CPU
		{6C09BF50-E5B3-4810-8A17-37D399A172ED}.Coverage|Any CPU.ActiveCfg = Coverage|Any CPU
		{6C09BF50-E5B3-4810-8A17-37D399A172ED}.Coverage|Any CPU.Build.0 = Coverage|Any CPU
		{6C09BF50-E5B3-4810-8A17-37D399A172ED}.Coverage|Mixed Platforms.ActiveCfg = Coverage|Any CPU
		{6C09BF50-E5B3-4810-8A17-37D399A172ED}.Coverage|Mixed Platforms.Build.0 = Coverage|Any CPU
		{6C09BF50-E5B3-4810-8A17-37D399A172ED}.Debug|Any CPU.ActiveCfg = Debug|Any CPU
		{6C09BF50-E5B3-4810-8A17-37D399A172ED}.Debug|Any CPU.Build.0 = Debug|Any CPU
		{6C09BF50-E5B3-4810-8A17-37D399A172ED}.Debug|Mixed Platforms.ActiveCfg = Debug|Any CPU
		{6C09BF50-E5B3-4810-8A17-37D399A172ED}.Debug|Mixed Platforms.Build.0 = Debug|Any CPU
		{6C09BF50-E5B3-4810-8A17-37D399A172ED}.Mono Debug|Any CPU.ActiveCfg = Debug|Any CPU
		{6C09BF50-E5B3-4810-8A17-37D399A172ED}.Mono Debug|Any CPU.Build.0 = Debug|Any CPU
		{6C09BF50-E5B3-4810-8A17-37D399A172ED}.Mono Debug|Mixed Platforms.ActiveCfg = Debug|Any CPU
		{6C09BF50-E5B3-4810-8A17-37D399A172ED}.Mono Release|Any CPU.ActiveCfg = Release|Any CPU
		{6C09BF50-E5B3-4810-8A17-37D399A172ED}.Mono Release|Any CPU.Build.0 = Release|Any CPU
		{6C09BF50-E5B3-4810-8A17-37D399A172ED}.Mono Release|Mixed Platforms.ActiveCfg = Release|Any CPU
		{6C09BF50-E5B3-4810-8A17-37D399A172ED}.Release|Any CPU.ActiveCfg = Release|Any CPU
		{6C09BF50-E5B3-4810-8A17-37D399A172ED}.Release|Any CPU.Build.0 = Release|Any CPU
		{6C09BF50-E5B3-4810-8A17-37D399A172ED}.Release|Mixed Platforms.ActiveCfg = Release|Any CPU
		{6C09BF50-E5B3-4810-8A17-37D399A172ED}.Release|Mixed Platforms.Build.0 = Release|Any CPU
		{82AB7D04-FA51-4707-8A1F-62B29AC23E6D}.Coverage|Any CPU.ActiveCfg = Coverage|Any CPU
		{82AB7D04-FA51-4707-8A1F-62B29AC23E6D}.Coverage|Any CPU.Build.0 = Coverage|Any CPU
		{82AB7D04-FA51-4707-8A1F-62B29AC23E6D}.Coverage|Mixed Platforms.ActiveCfg = Coverage|Any CPU
		{82AB7D04-FA51-4707-8A1F-62B29AC23E6D}.Coverage|Mixed Platforms.Build.0 = Coverage|Any CPU
		{82AB7D04-FA51-4707-8A1F-62B29AC23E6D}.Debug|Any CPU.ActiveCfg = Debug|Any CPU
		{82AB7D04-FA51-4707-8A1F-62B29AC23E6D}.Debug|Any CPU.Build.0 = Debug|Any CPU
		{82AB7D04-FA51-4707-8A1F-62B29AC23E6D}.Debug|Mixed Platforms.ActiveCfg = Debug|Any CPU
		{82AB7D04-FA51-4707-8A1F-62B29AC23E6D}.Debug|Mixed Platforms.Build.0 = Debug|Any CPU
		{82AB7D04-FA51-4707-8A1F-62B29AC23E6D}.Mono Debug|Any CPU.ActiveCfg = Debug|Any CPU
		{82AB7D04-FA51-4707-8A1F-62B29AC23E6D}.Mono Debug|Any CPU.Build.0 = Debug|Any CPU
		{82AB7D04-FA51-4707-8A1F-62B29AC23E6D}.Mono Debug|Mixed Platforms.ActiveCfg = Debug|Any CPU
		{82AB7D04-FA51-4707-8A1F-62B29AC23E6D}.Mono Release|Any CPU.ActiveCfg = Release|Any CPU
		{82AB7D04-FA51-4707-8A1F-62B29AC23E6D}.Mono Release|Any CPU.Build.0 = Release|Any CPU
		{82AB7D04-FA51-4707-8A1F-62B29AC23E6D}.Mono Release|Mixed Platforms.ActiveCfg = Release|Any CPU
		{82AB7D04-FA51-4707-8A1F-62B29AC23E6D}.Release|Any CPU.ActiveCfg = Release|Any CPU
		{82AB7D04-FA51-4707-8A1F-62B29AC23E6D}.Release|Any CPU.Build.0 = Release|Any CPU
		{82AB7D04-FA51-4707-8A1F-62B29AC23E6D}.Release|Mixed Platforms.ActiveCfg = Release|Any CPU
		{82AB7D04-FA51-4707-8A1F-62B29AC23E6D}.Release|Mixed Platforms.Build.0 = Release|Any CPU
		{53AB7187-CDF3-48B5-B90E-8919D3CB904D}.Coverage|Any CPU.ActiveCfg = Coverage|Any CPU
		{53AB7187-CDF3-48B5-B90E-8919D3CB904D}.Coverage|Any CPU.Build.0 = Coverage|Any CPU
		{53AB7187-CDF3-48B5-B90E-8919D3CB904D}.Coverage|Mixed Platforms.ActiveCfg = Coverage|Any CPU
		{53AB7187-CDF3-48B5-B90E-8919D3CB904D}.Coverage|Mixed Platforms.Build.0 = Coverage|Any CPU
		{53AB7187-CDF3-48B5-B90E-8919D3CB904D}.Debug|Any CPU.ActiveCfg = Debug|Any CPU
		{53AB7187-CDF3-48B5-B90E-8919D3CB904D}.Debug|Any CPU.Build.0 = Debug|Any CPU
		{53AB7187-CDF3-48B5-B90E-8919D3CB904D}.Debug|Mixed Platforms.ActiveCfg = Debug|Any CPU
		{53AB7187-CDF3-48B5-B90E-8919D3CB904D}.Debug|Mixed Platforms.Build.0 = Debug|Any CPU
		{53AB7187-CDF3-48B5-B90E-8919D3CB904D}.Mono Debug|Any CPU.ActiveCfg = Debug|Any CPU
		{53AB7187-CDF3-48B5-B90E-8919D3CB904D}.Mono Debug|Any CPU.Build.0 = Debug|Any CPU
		{53AB7187-CDF3-48B5-B90E-8919D3CB904D}.Mono Debug|Mixed Platforms.ActiveCfg = Debug|Any CPU
		{53AB7187-CDF3-48B5-B90E-8919D3CB904D}.Mono Release|Any CPU.ActiveCfg = Release|Any CPU
		{53AB7187-CDF3-48B5-B90E-8919D3CB904D}.Mono Release|Any CPU.Build.0 = Release|Any CPU
		{53AB7187-CDF3-48B5-B90E-8919D3CB904D}.Mono Release|Mixed Platforms.ActiveCfg = Release|Any CPU
		{53AB7187-CDF3-48B5-B90E-8919D3CB904D}.Release|Any CPU.ActiveCfg = Release|Any CPU
		{53AB7187-CDF3-48B5-B90E-8919D3CB904D}.Release|Any CPU.Build.0 = Release|Any CPU
		{53AB7187-CDF3-48B5-B90E-8919D3CB904D}.Release|Mixed Platforms.ActiveCfg = Release|Any CPU
		{53AB7187-CDF3-48B5-B90E-8919D3CB904D}.Release|Mixed Platforms.Build.0 = Release|Any CPU
		{92D18050-3867-4E39-B305-9F9870F66F5E}.Coverage|Any CPU.ActiveCfg = Coverage|Any CPU
		{92D18050-3867-4E39-B305-9F9870F66F5E}.Coverage|Any CPU.Build.0 = Coverage|Any CPU
		{92D18050-3867-4E39-B305-9F9870F66F5E}.Coverage|Mixed Platforms.ActiveCfg = Coverage|Any CPU
		{92D18050-3867-4E39-B305-9F9870F66F5E}.Coverage|Mixed Platforms.Build.0 = Coverage|Any CPU
		{92D18050-3867-4E39-B305-9F9870F66F5E}.Debug|Any CPU.ActiveCfg = Debug|Any CPU
		{92D18050-3867-4E39-B305-9F9870F66F5E}.Debug|Any CPU.Build.0 = Debug|Any CPU
		{92D18050-3867-4E39-B305-9F9870F66F5E}.Debug|Mixed Platforms.ActiveCfg = Debug|Any CPU
		{92D18050-3867-4E39-B305-9F9870F66F5E}.Debug|Mixed Platforms.Build.0 = Debug|Any CPU
		{92D18050-3867-4E39-B305-9F9870F66F5E}.Mono Debug|Any CPU.ActiveCfg = Debug|Any CPU
		{92D18050-3867-4E39-B305-9F9870F66F5E}.Mono Debug|Mixed Platforms.ActiveCfg = Debug|Any CPU
		{92D18050-3867-4E39-B305-9F9870F66F5E}.Mono Release|Any CPU.ActiveCfg = Release|Any CPU
		{92D18050-3867-4E39-B305-9F9870F66F5E}.Mono Release|Mixed Platforms.ActiveCfg = Release|Any CPU
		{92D18050-3867-4E39-B305-9F9870F66F5E}.Release|Any CPU.ActiveCfg = Release|Any CPU
		{92D18050-3867-4E39-B305-9F9870F66F5E}.Release|Any CPU.Build.0 = Release|Any CPU
		{92D18050-3867-4E39-B305-9F9870F66F5E}.Release|Mixed Platforms.ActiveCfg = Release|Any CPU
		{92D18050-3867-4E39-B305-9F9870F66F5E}.Release|Mixed Platforms.Build.0 = Release|Any CPU
		{7DB43FE1-75E1-49F9-B2C8-06A552BA2144}.Coverage|Any CPU.ActiveCfg = Coverage|Any CPU
		{7DB43FE1-75E1-49F9-B2C8-06A552BA2144}.Coverage|Any CPU.Build.0 = Coverage|Any CPU
		{7DB43FE1-75E1-49F9-B2C8-06A552BA2144}.Coverage|Mixed Platforms.ActiveCfg = Coverage|Any CPU
		{7DB43FE1-75E1-49F9-B2C8-06A552BA2144}.Coverage|Mixed Platforms.Build.0 = Coverage|Any CPU
		{7DB43FE1-75E1-49F9-B2C8-06A552BA2144}.Debug|Any CPU.ActiveCfg = Debug|Any CPU
		{7DB43FE1-75E1-49F9-B2C8-06A552BA2144}.Debug|Any CPU.Build.0 = Debug|Any CPU
		{7DB43FE1-75E1-49F9-B2C8-06A552BA2144}.Debug|Mixed Platforms.ActiveCfg = Debug|Any CPU
		{7DB43FE1-75E1-49F9-B2C8-06A552BA2144}.Debug|Mixed Platforms.Build.0 = Debug|Any CPU
		{7DB43FE1-75E1-49F9-B2C8-06A552BA2144}.Mono Debug|Any CPU.ActiveCfg = Debug|Any CPU
		{7DB43FE1-75E1-49F9-B2C8-06A552BA2144}.Mono Debug|Any CPU.Build.0 = Debug|Any CPU
		{7DB43FE1-75E1-49F9-B2C8-06A552BA2144}.Mono Debug|Mixed Platforms.ActiveCfg = Debug|Any CPU
		{7DB43FE1-75E1-49F9-B2C8-06A552BA2144}.Mono Release|Any CPU.ActiveCfg = Release|Any CPU
		{7DB43FE1-75E1-49F9-B2C8-06A552BA2144}.Mono Release|Any CPU.Build.0 = Release|Any CPU
		{7DB43FE1-75E1-49F9-B2C8-06A552BA2144}.Mono Release|Mixed Platforms.ActiveCfg = Release|Any CPU
		{7DB43FE1-75E1-49F9-B2C8-06A552BA2144}.Release|Any CPU.ActiveCfg = Release|Any CPU
		{7DB43FE1-75E1-49F9-B2C8-06A552BA2144}.Release|Any CPU.Build.0 = Release|Any CPU
		{7DB43FE1-75E1-49F9-B2C8-06A552BA2144}.Release|Mixed Platforms.ActiveCfg = Release|Any CPU
		{7DB43FE1-75E1-49F9-B2C8-06A552BA2144}.Release|Mixed Platforms.Build.0 = Release|Any CPU
		{05497432-8899-4ED4-BB97-7B5EA3E911DB}.Coverage|Any CPU.ActiveCfg = Coverage|Any CPU
		{05497432-8899-4ED4-BB97-7B5EA3E911DB}.Coverage|Any CPU.Build.0 = Coverage|Any CPU
		{05497432-8899-4ED4-BB97-7B5EA3E911DB}.Coverage|Mixed Platforms.ActiveCfg = Coverage|Any CPU
		{05497432-8899-4ED4-BB97-7B5EA3E911DB}.Coverage|Mixed Platforms.Build.0 = Coverage|Any CPU
		{05497432-8899-4ED4-BB97-7B5EA3E911DB}.Debug|Any CPU.ActiveCfg = Debug|Any CPU
		{05497432-8899-4ED4-BB97-7B5EA3E911DB}.Debug|Any CPU.Build.0 = Debug|Any CPU
		{05497432-8899-4ED4-BB97-7B5EA3E911DB}.Debug|Mixed Platforms.ActiveCfg = Debug|Any CPU
		{05497432-8899-4ED4-BB97-7B5EA3E911DB}.Debug|Mixed Platforms.Build.0 = Debug|Any CPU
		{05497432-8899-4ED4-BB97-7B5EA3E911DB}.Mono Debug|Any CPU.ActiveCfg = Debug|Any CPU
		{05497432-8899-4ED4-BB97-7B5EA3E911DB}.Mono Debug|Any CPU.Build.0 = Debug|Any CPU
		{05497432-8899-4ED4-BB97-7B5EA3E911DB}.Mono Debug|Mixed Platforms.ActiveCfg = Debug|Any CPU
		{05497432-8899-4ED4-BB97-7B5EA3E911DB}.Mono Release|Any CPU.ActiveCfg = Release|Any CPU
		{05497432-8899-4ED4-BB97-7B5EA3E911DB}.Mono Release|Any CPU.Build.0 = Release|Any CPU
		{05497432-8899-4ED4-BB97-7B5EA3E911DB}.Mono Release|Mixed Platforms.ActiveCfg = Release|Any CPU
		{05497432-8899-4ED4-BB97-7B5EA3E911DB}.Release|Any CPU.ActiveCfg = Release|Any CPU
		{05497432-8899-4ED4-BB97-7B5EA3E911DB}.Release|Any CPU.Build.0 = Release|Any CPU
		{05497432-8899-4ED4-BB97-7B5EA3E911DB}.Release|Mixed Platforms.ActiveCfg = Release|Any CPU
		{05497432-8899-4ED4-BB97-7B5EA3E911DB}.Release|Mixed Platforms.Build.0 = Release|Any CPU
		{3F786922-B4F3-4C6E-B22F-3D764BA5B3B8}.Coverage|Any CPU.ActiveCfg = Coverage|Any CPU
		{3F786922-B4F3-4C6E-B22F-3D764BA5B3B8}.Coverage|Any CPU.Build.0 = Coverage|Any CPU
		{3F786922-B4F3-4C6E-B22F-3D764BA5B3B8}.Coverage|Mixed Platforms.ActiveCfg = Coverage|Any CPU
		{3F786922-B4F3-4C6E-B22F-3D764BA5B3B8}.Coverage|Mixed Platforms.Build.0 = Coverage|Any CPU
		{3F786922-B4F3-4C6E-B22F-3D764BA5B3B8}.Debug|Any CPU.ActiveCfg = Debug|Any CPU
		{3F786922-B4F3-4C6E-B22F-3D764BA5B3B8}.Debug|Any CPU.Build.0 = Debug|Any CPU
		{3F786922-B4F3-4C6E-B22F-3D764BA5B3B8}.Debug|Mixed Platforms.ActiveCfg = Debug|Any CPU
		{3F786922-B4F3-4C6E-B22F-3D764BA5B3B8}.Debug|Mixed Platforms.Build.0 = Debug|Any CPU
		{3F786922-B4F3-4C6E-B22F-3D764BA5B3B8}.Mono Debug|Any CPU.ActiveCfg = Debug|Any CPU
		{3F786922-B4F3-4C6E-B22F-3D764BA5B3B8}.Mono Debug|Any CPU.Build.0 = Debug|Any CPU
		{3F786922-B4F3-4C6E-B22F-3D764BA5B3B8}.Mono Debug|Mixed Platforms.ActiveCfg = Debug|Any CPU
		{3F786922-B4F3-4C6E-B22F-3D764BA5B3B8}.Mono Release|Any CPU.ActiveCfg = Release|Any CPU
		{3F786922-B4F3-4C6E-B22F-3D764BA5B3B8}.Mono Release|Any CPU.Build.0 = Release|Any CPU
		{3F786922-B4F3-4C6E-B22F-3D764BA5B3B8}.Mono Release|Mixed Platforms.ActiveCfg = Release|Any CPU
		{3F786922-B4F3-4C6E-B22F-3D764BA5B3B8}.Release|Any CPU.ActiveCfg = Release|Any CPU
		{3F786922-B4F3-4C6E-B22F-3D764BA5B3B8}.Release|Any CPU.Build.0 = Release|Any CPU
		{3F786922-B4F3-4C6E-B22F-3D764BA5B3B8}.Release|Mixed Platforms.ActiveCfg = Release|Any CPU
		{3F786922-B4F3-4C6E-B22F-3D764BA5B3B8}.Release|Mixed Platforms.Build.0 = Release|Any CPU
		{7765C89E-790C-4D1E-A877-227E5FE3C90B}.Coverage|Any CPU.ActiveCfg = Release|Any CPU
		{7765C89E-790C-4D1E-A877-227E5FE3C90B}.Coverage|Any CPU.Build.0 = Release|Any CPU
		{7765C89E-790C-4D1E-A877-227E5FE3C90B}.Coverage|Mixed Platforms.ActiveCfg = Coverage|Any CPU
		{7765C89E-790C-4D1E-A877-227E5FE3C90B}.Coverage|Mixed Platforms.Build.0 = Coverage|Any CPU
		{7765C89E-790C-4D1E-A877-227E5FE3C90B}.Debug|Any CPU.ActiveCfg = Debug|Any CPU
		{7765C89E-790C-4D1E-A877-227E5FE3C90B}.Debug|Any CPU.Build.0 = Debug|Any CPU
		{7765C89E-790C-4D1E-A877-227E5FE3C90B}.Debug|Mixed Platforms.ActiveCfg = Debug|Any CPU
		{7765C89E-790C-4D1E-A877-227E5FE3C90B}.Debug|Mixed Platforms.Build.0 = Debug|Any CPU
		{7765C89E-790C-4D1E-A877-227E5FE3C90B}.Mono Debug|Any CPU.ActiveCfg = Debug|Any CPU
		{7765C89E-790C-4D1E-A877-227E5FE3C90B}.Mono Debug|Any CPU.Build.0 = Debug|Any CPU
		{7765C89E-790C-4D1E-A877-227E5FE3C90B}.Mono Debug|Mixed Platforms.ActiveCfg = Debug|Any CPU
		{7765C89E-790C-4D1E-A877-227E5FE3C90B}.Mono Release|Any CPU.ActiveCfg = Release|Any CPU
		{7765C89E-790C-4D1E-A877-227E5FE3C90B}.Mono Release|Any CPU.Build.0 = Release|Any CPU
		{7765C89E-790C-4D1E-A877-227E5FE3C90B}.Mono Release|Mixed Platforms.ActiveCfg = Release|Any CPU
		{7765C89E-790C-4D1E-A877-227E5FE3C90B}.Release|Any CPU.ActiveCfg = Release|Any CPU
		{7765C89E-790C-4D1E-A877-227E5FE3C90B}.Release|Any CPU.Build.0 = Release|Any CPU
		{7765C89E-790C-4D1E-A877-227E5FE3C90B}.Release|Mixed Platforms.ActiveCfg = Release|Any CPU
		{7765C89E-790C-4D1E-A877-227E5FE3C90B}.Release|Mixed Platforms.Build.0 = Release|Any CPU
		{52EA04DC-1DA5-4E45-B13C-0A10F4B71662}.Coverage|Any CPU.ActiveCfg = Coverage|Any CPU
		{52EA04DC-1DA5-4E45-B13C-0A10F4B71662}.Coverage|Any CPU.Build.0 = Coverage|Any CPU
		{52EA04DC-1DA5-4E45-B13C-0A10F4B71662}.Coverage|Mixed Platforms.ActiveCfg = Coverage|Any CPU
		{52EA04DC-1DA5-4E45-B13C-0A10F4B71662}.Coverage|Mixed Platforms.Build.0 = Coverage|Any CPU
		{52EA04DC-1DA5-4E45-B13C-0A10F4B71662}.Debug|Any CPU.ActiveCfg = Debug|Any CPU
		{52EA04DC-1DA5-4E45-B13C-0A10F4B71662}.Debug|Any CPU.Build.0 = Debug|Any CPU
		{52EA04DC-1DA5-4E45-B13C-0A10F4B71662}.Debug|Mixed Platforms.ActiveCfg = Debug|Any CPU
		{52EA04DC-1DA5-4E45-B13C-0A10F4B71662}.Debug|Mixed Platforms.Build.0 = Debug|Any CPU
		{52EA04DC-1DA5-4E45-B13C-0A10F4B71662}.Mono Debug|Any CPU.ActiveCfg = Debug|Any CPU
		{52EA04DC-1DA5-4E45-B13C-0A10F4B71662}.Mono Debug|Any CPU.Build.0 = Debug|Any CPU
		{52EA04DC-1DA5-4E45-B13C-0A10F4B71662}.Mono Debug|Mixed Platforms.ActiveCfg = Debug|Any CPU
		{52EA04DC-1DA5-4E45-B13C-0A10F4B71662}.Mono Debug|Mixed Platforms.Build.0 = Debug|Any CPU
		{52EA04DC-1DA5-4E45-B13C-0A10F4B71662}.Mono Release|Any CPU.ActiveCfg = Release|Any CPU
		{52EA04DC-1DA5-4E45-B13C-0A10F4B71662}.Mono Release|Any CPU.Build.0 = Release|Any CPU
		{52EA04DC-1DA5-4E45-B13C-0A10F4B71662}.Mono Release|Mixed Platforms.ActiveCfg = Release|Any CPU
		{52EA04DC-1DA5-4E45-B13C-0A10F4B71662}.Mono Release|Mixed Platforms.Build.0 = Release|Any CPU
		{52EA04DC-1DA5-4E45-B13C-0A10F4B71662}.Release|Any CPU.ActiveCfg = Release|Any CPU
		{52EA04DC-1DA5-4E45-B13C-0A10F4B71662}.Release|Any CPU.Build.0 = Release|Any CPU
		{52EA04DC-1DA5-4E45-B13C-0A10F4B71662}.Release|Mixed Platforms.ActiveCfg = Release|Any CPU
		{52EA04DC-1DA5-4E45-B13C-0A10F4B71662}.Release|Mixed Platforms.Build.0 = Release|Any CPU
		{135A5956-39CD-495C-8FB2-06678A90488D}.Coverage|Any CPU.ActiveCfg = Coverage|Any CPU
		{135A5956-39CD-495C-8FB2-06678A90488D}.Coverage|Any CPU.Build.0 = Coverage|Any CPU
		{135A5956-39CD-495C-8FB2-06678A90488D}.Coverage|Mixed Platforms.ActiveCfg = Coverage|Any CPU
		{135A5956-39CD-495C-8FB2-06678A90488D}.Coverage|Mixed Platforms.Build.0 = Coverage|Any CPU
		{135A5956-39CD-495C-8FB2-06678A90488D}.Debug|Any CPU.ActiveCfg = Debug|Any CPU
		{135A5956-39CD-495C-8FB2-06678A90488D}.Debug|Any CPU.Build.0 = Debug|Any CPU
		{135A5956-39CD-495C-8FB2-06678A90488D}.Debug|Mixed Platforms.ActiveCfg = Debug|Any CPU
		{135A5956-39CD-495C-8FB2-06678A90488D}.Debug|Mixed Platforms.Build.0 = Debug|Any CPU
		{135A5956-39CD-495C-8FB2-06678A90488D}.Mono Debug|Any CPU.ActiveCfg = Debug|Any CPU
		{135A5956-39CD-495C-8FB2-06678A90488D}.Mono Debug|Any CPU.Build.0 = Debug|Any CPU
		{135A5956-39CD-495C-8FB2-06678A90488D}.Mono Debug|Mixed Platforms.ActiveCfg = Debug|Any CPU
		{135A5956-39CD-495C-8FB2-06678A90488D}.Mono Release|Any CPU.ActiveCfg = Release|Any CPU
		{135A5956-39CD-495C-8FB2-06678A90488D}.Mono Release|Any CPU.Build.0 = Release|Any CPU
		{135A5956-39CD-495C-8FB2-06678A90488D}.Mono Release|Mixed Platforms.ActiveCfg = Release|Any CPU
		{135A5956-39CD-495C-8FB2-06678A90488D}.Release|Any CPU.ActiveCfg = Release|Any CPU
		{135A5956-39CD-495C-8FB2-06678A90488D}.Release|Any CPU.Build.0 = Release|Any CPU
		{135A5956-39CD-495C-8FB2-06678A90488D}.Release|Mixed Platforms.ActiveCfg = Release|Any CPU
		{135A5956-39CD-495C-8FB2-06678A90488D}.Release|Mixed Platforms.Build.0 = Release|Any CPU
		{5376E601-D111-4198-8BC2-F1118433CC83}.Coverage|Any CPU.ActiveCfg = Coverage|Any CPU
		{5376E601-D111-4198-8BC2-F1118433CC83}.Coverage|Any CPU.Build.0 = Coverage|Any CPU
		{5376E601-D111-4198-8BC2-F1118433CC83}.Coverage|Mixed Platforms.ActiveCfg = Coverage|Any CPU
		{5376E601-D111-4198-8BC2-F1118433CC83}.Debug|Any CPU.ActiveCfg = Debug|Any CPU
		{5376E601-D111-4198-8BC2-F1118433CC83}.Debug|Any CPU.Build.0 = Debug|Any CPU
		{5376E601-D111-4198-8BC2-F1118433CC83}.Debug|Mixed Platforms.ActiveCfg = Debug|Any CPU
		{5376E601-D111-4198-8BC2-F1118433CC83}.Debug|Mixed Platforms.Build.0 = Debug|Any CPU
		{5376E601-D111-4198-8BC2-F1118433CC83}.Mono Debug|Any CPU.ActiveCfg = Debug|Any CPU
		{5376E601-D111-4198-8BC2-F1118433CC83}.Mono Debug|Any CPU.Build.0 = Debug|Any CPU
		{5376E601-D111-4198-8BC2-F1118433CC83}.Mono Debug|Mixed Platforms.ActiveCfg = Debug|Any CPU
		{5376E601-D111-4198-8BC2-F1118433CC83}.Mono Debug|Mixed Platforms.Build.0 = Debug|Any CPU
		{5376E601-D111-4198-8BC2-F1118433CC83}.Mono Release|Any CPU.ActiveCfg = Release|Any CPU
		{5376E601-D111-4198-8BC2-F1118433CC83}.Mono Release|Any CPU.Build.0 = Release|Any CPU
		{5376E601-D111-4198-8BC2-F1118433CC83}.Mono Release|Mixed Platforms.ActiveCfg = Release|Any CPU
		{5376E601-D111-4198-8BC2-F1118433CC83}.Mono Release|Mixed Platforms.Build.0 = Release|Any CPU
		{5376E601-D111-4198-8BC2-F1118433CC83}.Release|Any CPU.ActiveCfg = Release|Any CPU
		{5376E601-D111-4198-8BC2-F1118433CC83}.Release|Any CPU.Build.0 = Release|Any CPU
		{5376E601-D111-4198-8BC2-F1118433CC83}.Release|Mixed Platforms.ActiveCfg = Release|Any CPU
		{5376E601-D111-4198-8BC2-F1118433CC83}.Release|Mixed Platforms.Build.0 = Release|Any CPU
		{F1A63FD0-E1DE-43C6-940A-754D3B6C0A77}.Coverage|Any CPU.ActiveCfg = Coverage|Any CPU
		{F1A63FD0-E1DE-43C6-940A-754D3B6C0A77}.Coverage|Any CPU.Build.0 = Coverage|Any CPU
		{F1A63FD0-E1DE-43C6-940A-754D3B6C0A77}.Coverage|Mixed Platforms.ActiveCfg = Coverage|Any CPU
		{F1A63FD0-E1DE-43C6-940A-754D3B6C0A77}.Coverage|Mixed Platforms.Build.0 = Coverage|Any CPU
		{F1A63FD0-E1DE-43C6-940A-754D3B6C0A77}.Debug|Any CPU.ActiveCfg = Debug|Any CPU
		{F1A63FD0-E1DE-43C6-940A-754D3B6C0A77}.Debug|Any CPU.Build.0 = Debug|Any CPU
		{F1A63FD0-E1DE-43C6-940A-754D3B6C0A77}.Debug|Mixed Platforms.ActiveCfg = Debug|Any CPU
		{F1A63FD0-E1DE-43C6-940A-754D3B6C0A77}.Debug|Mixed Platforms.Build.0 = Debug|Any CPU
		{F1A63FD0-E1DE-43C6-940A-754D3B6C0A77}.Mono Debug|Any CPU.ActiveCfg = Debug|Any CPU
		{F1A63FD0-E1DE-43C6-940A-754D3B6C0A77}.Mono Debug|Any CPU.Build.0 = Debug|Any CPU
		{F1A63FD0-E1DE-43C6-940A-754D3B6C0A77}.Mono Debug|Mixed Platforms.ActiveCfg = Debug|Any CPU
		{F1A63FD0-E1DE-43C6-940A-754D3B6C0A77}.Mono Release|Any CPU.ActiveCfg = Release|Any CPU
		{F1A63FD0-E1DE-43C6-940A-754D3B6C0A77}.Mono Release|Any CPU.Build.0 = Release|Any CPU
		{F1A63FD0-E1DE-43C6-940A-754D3B6C0A77}.Mono Release|Mixed Platforms.ActiveCfg = Release|Any CPU
		{F1A63FD0-E1DE-43C6-940A-754D3B6C0A77}.Release|Any CPU.ActiveCfg = Release|Any CPU
		{F1A63FD0-E1DE-43C6-940A-754D3B6C0A77}.Release|Any CPU.Build.0 = Release|Any CPU
		{F1A63FD0-E1DE-43C6-940A-754D3B6C0A77}.Release|Mixed Platforms.ActiveCfg = Release|Any CPU
		{F1A63FD0-E1DE-43C6-940A-754D3B6C0A77}.Release|Mixed Platforms.Build.0 = Release|Any CPU
		{25A2D439-B045-4059-9E1F-738362B72554}.Coverage|Any CPU.ActiveCfg = Coverage|Any CPU
		{25A2D439-B045-4059-9E1F-738362B72554}.Coverage|Any CPU.Build.0 = Coverage|Any CPU
		{25A2D439-B045-4059-9E1F-738362B72554}.Coverage|Mixed Platforms.ActiveCfg = Coverage|Any CPU
		{25A2D439-B045-4059-9E1F-738362B72554}.Coverage|Mixed Platforms.Build.0 = Coverage|Any CPU
		{25A2D439-B045-4059-9E1F-738362B72554}.Debug|Any CPU.ActiveCfg = Debug|Any CPU
		{25A2D439-B045-4059-9E1F-738362B72554}.Debug|Any CPU.Build.0 = Debug|Any CPU
		{25A2D439-B045-4059-9E1F-738362B72554}.Debug|Mixed Platforms.ActiveCfg = Debug|Any CPU
		{25A2D439-B045-4059-9E1F-738362B72554}.Debug|Mixed Platforms.Build.0 = Debug|Any CPU
		{25A2D439-B045-4059-9E1F-738362B72554}.Mono Debug|Any CPU.ActiveCfg = Mono Debug|Any CPU
		{25A2D439-B045-4059-9E1F-738362B72554}.Mono Debug|Any CPU.Build.0 = Mono Debug|Any CPU
		{25A2D439-B045-4059-9E1F-738362B72554}.Mono Debug|Mixed Platforms.ActiveCfg = Mono Debug|Any CPU
		{25A2D439-B045-4059-9E1F-738362B72554}.Mono Debug|Mixed Platforms.Build.0 = Mono Debug|Any CPU
		{25A2D439-B045-4059-9E1F-738362B72554}.Mono Release|Any CPU.ActiveCfg = Mono Release|Any CPU
		{25A2D439-B045-4059-9E1F-738362B72554}.Mono Release|Any CPU.Build.0 = Mono Release|Any CPU
		{25A2D439-B045-4059-9E1F-738362B72554}.Mono Release|Mixed Platforms.ActiveCfg = Mono Release|Any CPU
		{25A2D439-B045-4059-9E1F-738362B72554}.Mono Release|Mixed Platforms.Build.0 = Mono Release|Any CPU
		{25A2D439-B045-4059-9E1F-738362B72554}.Release|Any CPU.ActiveCfg = Release|Any CPU
		{25A2D439-B045-4059-9E1F-738362B72554}.Release|Any CPU.Build.0 = Release|Any CPU
		{25A2D439-B045-4059-9E1F-738362B72554}.Release|Mixed Platforms.ActiveCfg = Release|Any CPU
		{25A2D439-B045-4059-9E1F-738362B72554}.Release|Mixed Platforms.Build.0 = Release|Any CPU
		{5220A205-0C3F-4CD5-B1B4-7CD5B8298D7A}.Coverage|Any CPU.ActiveCfg = Coverage|Any CPU
		{5220A205-0C3F-4CD5-B1B4-7CD5B8298D7A}.Coverage|Any CPU.Build.0 = Coverage|Any CPU
		{5220A205-0C3F-4CD5-B1B4-7CD5B8298D7A}.Coverage|Mixed Platforms.ActiveCfg = Coverage|Any CPU
		{5220A205-0C3F-4CD5-B1B4-7CD5B8298D7A}.Coverage|Mixed Platforms.Build.0 = Coverage|Any CPU
		{5220A205-0C3F-4CD5-B1B4-7CD5B8298D7A}.Debug|Any CPU.ActiveCfg = Debug|Any CPU
		{5220A205-0C3F-4CD5-B1B4-7CD5B8298D7A}.Debug|Any CPU.Build.0 = Debug|Any CPU
		{5220A205-0C3F-4CD5-B1B4-7CD5B8298D7A}.Debug|Mixed Platforms.ActiveCfg = Debug|Any CPU
		{5220A205-0C3F-4CD5-B1B4-7CD5B8298D7A}.Debug|Mixed Platforms.Build.0 = Debug|Any CPU
		{5220A205-0C3F-4CD5-B1B4-7CD5B8298D7A}.Mono Debug|Any CPU.ActiveCfg = Mono Debug|Any CPU
		{5220A205-0C3F-4CD5-B1B4-7CD5B8298D7A}.Mono Debug|Any CPU.Build.0 = Mono Debug|Any CPU
		{5220A205-0C3F-4CD5-B1B4-7CD5B8298D7A}.Mono Debug|Mixed Platforms.ActiveCfg = Mono Debug|Any CPU
		{5220A205-0C3F-4CD5-B1B4-7CD5B8298D7A}.Mono Debug|Mixed Platforms.Build.0 = Mono Debug|Any CPU
		{5220A205-0C3F-4CD5-B1B4-7CD5B8298D7A}.Mono Release|Any CPU.ActiveCfg = Mono Release|Any CPU
		{5220A205-0C3F-4CD5-B1B4-7CD5B8298D7A}.Mono Release|Any CPU.Build.0 = Mono Release|Any CPU
		{5220A205-0C3F-4CD5-B1B4-7CD5B8298D7A}.Mono Release|Mixed Platforms.ActiveCfg = Mono Release|Any CPU
		{5220A205-0C3F-4CD5-B1B4-7CD5B8298D7A}.Mono Release|Mixed Platforms.Build.0 = Mono Release|Any CPU
		{5220A205-0C3F-4CD5-B1B4-7CD5B8298D7A}.Release|Any CPU.ActiveCfg = Release|Any CPU
		{5220A205-0C3F-4CD5-B1B4-7CD5B8298D7A}.Release|Any CPU.Build.0 = Release|Any CPU
		{5220A205-0C3F-4CD5-B1B4-7CD5B8298D7A}.Release|Mixed Platforms.ActiveCfg = Release|Any CPU
		{5220A205-0C3F-4CD5-B1B4-7CD5B8298D7A}.Release|Mixed Platforms.Build.0 = Release|Any CPU
		{3DD213F7-999B-4C15-9560-BF9C96CB8C52}.Coverage|Any CPU.ActiveCfg = Coverage|Any CPU
		{3DD213F7-999B-4C15-9560-BF9C96CB8C52}.Coverage|Any CPU.Build.0 = Coverage|Any CPU
		{3DD213F7-999B-4C15-9560-BF9C96CB8C52}.Coverage|Mixed Platforms.ActiveCfg = Coverage|Any CPU
		{3DD213F7-999B-4C15-9560-BF9C96CB8C52}.Coverage|Mixed Platforms.Build.0 = Coverage|Any CPU
		{3DD213F7-999B-4C15-9560-BF9C96CB8C52}.Debug|Any CPU.ActiveCfg = Debug|Any CPU
		{3DD213F7-999B-4C15-9560-BF9C96CB8C52}.Debug|Any CPU.Build.0 = Debug|Any CPU
		{3DD213F7-999B-4C15-9560-BF9C96CB8C52}.Debug|Mixed Platforms.ActiveCfg = Debug|Any CPU
		{3DD213F7-999B-4C15-9560-BF9C96CB8C52}.Debug|Mixed Platforms.Build.0 = Debug|Any CPU
		{3DD213F7-999B-4C15-9560-BF9C96CB8C52}.Mono Debug|Any CPU.ActiveCfg = Mono Debug|Any CPU
		{3DD213F7-999B-4C15-9560-BF9C96CB8C52}.Mono Debug|Any CPU.Build.0 = Mono Debug|Any CPU
		{3DD213F7-999B-4C15-9560-BF9C96CB8C52}.Mono Debug|Mixed Platforms.ActiveCfg = Mono Debug|Any CPU
		{3DD213F7-999B-4C15-9560-BF9C96CB8C52}.Mono Debug|Mixed Platforms.Build.0 = Mono Debug|Any CPU
		{3DD213F7-999B-4C15-9560-BF9C96CB8C52}.Mono Release|Any CPU.ActiveCfg = Mono Release|Any CPU
		{3DD213F7-999B-4C15-9560-BF9C96CB8C52}.Mono Release|Any CPU.Build.0 = Mono Release|Any CPU
		{3DD213F7-999B-4C15-9560-BF9C96CB8C52}.Mono Release|Mixed Platforms.ActiveCfg = Mono Release|Any CPU
		{3DD213F7-999B-4C15-9560-BF9C96CB8C52}.Mono Release|Mixed Platforms.Build.0 = Mono Release|Any CPU
		{3DD213F7-999B-4C15-9560-BF9C96CB8C52}.Release|Any CPU.ActiveCfg = Release|Any CPU
		{3DD213F7-999B-4C15-9560-BF9C96CB8C52}.Release|Any CPU.Build.0 = Release|Any CPU
		{3DD213F7-999B-4C15-9560-BF9C96CB8C52}.Release|Mixed Platforms.ActiveCfg = Release|Any CPU
		{3DD213F7-999B-4C15-9560-BF9C96CB8C52}.Release|Mixed Platforms.Build.0 = Release|Any CPU
		{1700E91F-4C23-4D98-ADE1-CA471A3D52B9}.Coverage|Any CPU.ActiveCfg = Release|Any CPU
		{1700E91F-4C23-4D98-ADE1-CA471A3D52B9}.Coverage|Any CPU.Build.0 = Release|Any CPU
		{1700E91F-4C23-4D98-ADE1-CA471A3D52B9}.Coverage|Mixed Platforms.ActiveCfg = Release|Any CPU
		{1700E91F-4C23-4D98-ADE1-CA471A3D52B9}.Coverage|Mixed Platforms.Build.0 = Release|Any CPU
		{1700E91F-4C23-4D98-ADE1-CA471A3D52B9}.Debug|Any CPU.ActiveCfg = Debug|Any CPU
		{1700E91F-4C23-4D98-ADE1-CA471A3D52B9}.Debug|Any CPU.Build.0 = Debug|Any CPU
		{1700E91F-4C23-4D98-ADE1-CA471A3D52B9}.Debug|Mixed Platforms.ActiveCfg = Debug|Any CPU
		{1700E91F-4C23-4D98-ADE1-CA471A3D52B9}.Debug|Mixed Platforms.Build.0 = Debug|Any CPU
		{1700E91F-4C23-4D98-ADE1-CA471A3D52B9}.Mono Debug|Any CPU.ActiveCfg = Mono Debug|Any CPU
		{1700E91F-4C23-4D98-ADE1-CA471A3D52B9}.Mono Debug|Any CPU.Build.0 = Mono Debug|Any CPU
		{1700E91F-4C23-4D98-ADE1-CA471A3D52B9}.Mono Debug|Mixed Platforms.ActiveCfg = Mono Debug|Any CPU
		{1700E91F-4C23-4D98-ADE1-CA471A3D52B9}.Mono Debug|Mixed Platforms.Build.0 = Mono Debug|Any CPU
		{1700E91F-4C23-4D98-ADE1-CA471A3D52B9}.Mono Release|Any CPU.ActiveCfg = Mono Release|Any CPU
		{1700E91F-4C23-4D98-ADE1-CA471A3D52B9}.Mono Release|Any CPU.Build.0 = Mono Release|Any CPU
		{1700E91F-4C23-4D98-ADE1-CA471A3D52B9}.Mono Release|Mixed Platforms.ActiveCfg = Mono Release|Any CPU
		{1700E91F-4C23-4D98-ADE1-CA471A3D52B9}.Mono Release|Mixed Platforms.Build.0 = Mono Release|Any CPU
		{1700E91F-4C23-4D98-ADE1-CA471A3D52B9}.Release|Any CPU.ActiveCfg = Release|Any CPU
		{1700E91F-4C23-4D98-ADE1-CA471A3D52B9}.Release|Any CPU.Build.0 = Release|Any CPU
		{1700E91F-4C23-4D98-ADE1-CA471A3D52B9}.Release|Mixed Platforms.ActiveCfg = Release|Any CPU
		{1700E91F-4C23-4D98-ADE1-CA471A3D52B9}.Release|Mixed Platforms.Build.0 = Release|Any CPU
		{61C7D2E8-79A2-4645-AA84-3C81C89588E9}.Coverage|Any CPU.ActiveCfg = Debug|Any CPU
		{61C7D2E8-79A2-4645-AA84-3C81C89588E9}.Coverage|Any CPU.Build.0 = Debug|Any CPU
		{61C7D2E8-79A2-4645-AA84-3C81C89588E9}.Coverage|Mixed Platforms.ActiveCfg = Debug|Any CPU
		{61C7D2E8-79A2-4645-AA84-3C81C89588E9}.Coverage|Mixed Platforms.Build.0 = Debug|Any CPU
		{61C7D2E8-79A2-4645-AA84-3C81C89588E9}.Debug|Any CPU.ActiveCfg = Debug|Any CPU
		{61C7D2E8-79A2-4645-AA84-3C81C89588E9}.Debug|Any CPU.Build.0 = Debug|Any CPU
		{61C7D2E8-79A2-4645-AA84-3C81C89588E9}.Debug|Mixed Platforms.ActiveCfg = Debug|Any CPU
		{61C7D2E8-79A2-4645-AA84-3C81C89588E9}.Debug|Mixed Platforms.Build.0 = Debug|Any CPU
		{61C7D2E8-79A2-4645-AA84-3C81C89588E9}.Mono Debug|Any CPU.ActiveCfg = Debug|Any CPU
		{61C7D2E8-79A2-4645-AA84-3C81C89588E9}.Mono Debug|Any CPU.Build.0 = Debug|Any CPU
		{61C7D2E8-79A2-4645-AA84-3C81C89588E9}.Mono Debug|Mixed Platforms.ActiveCfg = Debug|Any CPU
		{61C7D2E8-79A2-4645-AA84-3C81C89588E9}.Mono Debug|Mixed Platforms.Build.0 = Debug|Any CPU
		{61C7D2E8-79A2-4645-AA84-3C81C89588E9}.Mono Release|Any CPU.ActiveCfg = Debug|Any CPU
		{61C7D2E8-79A2-4645-AA84-3C81C89588E9}.Mono Release|Any CPU.Build.0 = Debug|Any CPU
		{61C7D2E8-79A2-4645-AA84-3C81C89588E9}.Mono Release|Mixed Platforms.ActiveCfg = Debug|Any CPU
		{61C7D2E8-79A2-4645-AA84-3C81C89588E9}.Mono Release|Mixed Platforms.Build.0 = Debug|Any CPU
		{61C7D2E8-79A2-4645-AA84-3C81C89588E9}.Release|Any CPU.ActiveCfg = Release|Any CPU
		{61C7D2E8-79A2-4645-AA84-3C81C89588E9}.Release|Any CPU.Build.0 = Release|Any CPU
		{61C7D2E8-79A2-4645-AA84-3C81C89588E9}.Release|Mixed Platforms.ActiveCfg = Release|Any CPU
		{61C7D2E8-79A2-4645-AA84-3C81C89588E9}.Release|Mixed Platforms.Build.0 = Release|Any CPU
		{EEA49A74-6EFC-410E-9745-BAD367AC151D}.Coverage|Any CPU.ActiveCfg = Coverage|Any CPU
		{EEA49A74-6EFC-410E-9745-BAD367AC151D}.Coverage|Any CPU.Build.0 = Coverage|Any CPU
		{EEA49A74-6EFC-410E-9745-BAD367AC151D}.Coverage|Mixed Platforms.ActiveCfg = Coverage|Any CPU
		{EEA49A74-6EFC-410E-9745-BAD367AC151D}.Coverage|Mixed Platforms.Build.0 = Coverage|Any CPU
		{EEA49A74-6EFC-410E-9745-BAD367AC151D}.Debug|Any CPU.ActiveCfg = Debug|Any CPU
		{EEA49A74-6EFC-410E-9745-BAD367AC151D}.Debug|Any CPU.Build.0 = Debug|Any CPU
		{EEA49A74-6EFC-410E-9745-BAD367AC151D}.Debug|Mixed Platforms.ActiveCfg = Debug|Any CPU
		{EEA49A74-6EFC-410E-9745-BAD367AC151D}.Debug|Mixed Platforms.Build.0 = Debug|Any CPU
		{EEA49A74-6EFC-410E-9745-BAD367AC151D}.Mono Debug|Any CPU.ActiveCfg = Mono Debug|Any CPU
		{EEA49A74-6EFC-410E-9745-BAD367AC151D}.Mono Debug|Any CPU.Build.0 = Mono Debug|Any CPU
		{EEA49A74-6EFC-410E-9745-BAD367AC151D}.Mono Debug|Mixed Platforms.ActiveCfg = Mono Debug|Any CPU
		{EEA49A74-6EFC-410E-9745-BAD367AC151D}.Mono Debug|Mixed Platforms.Build.0 = Mono Debug|Any CPU
		{EEA49A74-6EFC-410E-9745-BAD367AC151D}.Mono Release|Any CPU.ActiveCfg = Mono Release|Any CPU
		{EEA49A74-6EFC-410E-9745-BAD367AC151D}.Mono Release|Any CPU.Build.0 = Mono Release|Any CPU
		{EEA49A74-6EFC-410E-9745-BAD367AC151D}.Mono Release|Mixed Platforms.ActiveCfg = Mono Release|Any CPU
		{EEA49A74-6EFC-410E-9745-BAD367AC151D}.Mono Release|Mixed Platforms.Build.0 = Mono Release|Any CPU
		{EEA49A74-6EFC-410E-9745-BAD367AC151D}.Release|Any CPU.ActiveCfg = Release|Any CPU
		{EEA49A74-6EFC-410E-9745-BAD367AC151D}.Release|Any CPU.Build.0 = Release|Any CPU
		{EEA49A74-6EFC-410E-9745-BAD367AC151D}.Release|Mixed Platforms.ActiveCfg = Release|Any CPU
		{EEA49A74-6EFC-410E-9745-BAD367AC151D}.Release|Mixed Platforms.Build.0 = Release|Any CPU
		{7DD28CAC-D7B8-4053-B820-9DA44565D40C}.Coverage|Any CPU.ActiveCfg = Coverage|Any CPU
		{7DD28CAC-D7B8-4053-B820-9DA44565D40C}.Coverage|Any CPU.Build.0 = Coverage|Any CPU
		{7DD28CAC-D7B8-4053-B820-9DA44565D40C}.Coverage|Mixed Platforms.ActiveCfg = Coverage|Any CPU
		{7DD28CAC-D7B8-4053-B820-9DA44565D40C}.Coverage|Mixed Platforms.Build.0 = Coverage|Any CPU
		{7DD28CAC-D7B8-4053-B820-9DA44565D40C}.Debug|Any CPU.ActiveCfg = Debug|Any CPU
		{7DD28CAC-D7B8-4053-B820-9DA44565D40C}.Debug|Any CPU.Build.0 = Debug|Any CPU
		{7DD28CAC-D7B8-4053-B820-9DA44565D40C}.Debug|Mixed Platforms.ActiveCfg = Debug|Any CPU
		{7DD28CAC-D7B8-4053-B820-9DA44565D40C}.Debug|Mixed Platforms.Build.0 = Debug|Any CPU
		{7DD28CAC-D7B8-4053-B820-9DA44565D40C}.Mono Debug|Any CPU.ActiveCfg = Mono Debug|Any CPU
		{7DD28CAC-D7B8-4053-B820-9DA44565D40C}.Mono Debug|Any CPU.Build.0 = Mono Debug|Any CPU
		{7DD28CAC-D7B8-4053-B820-9DA44565D40C}.Mono Debug|Mixed Platforms.ActiveCfg = Mono Debug|Any CPU
		{7DD28CAC-D7B8-4053-B820-9DA44565D40C}.Mono Debug|Mixed Platforms.Build.0 = Mono Debug|Any CPU
		{7DD28CAC-D7B8-4053-B820-9DA44565D40C}.Mono Release|Any CPU.ActiveCfg = Mono Release|Any CPU
		{7DD28CAC-D7B8-4053-B820-9DA44565D40C}.Mono Release|Any CPU.Build.0 = Mono Release|Any CPU
		{7DD28CAC-D7B8-4053-B820-9DA44565D40C}.Mono Release|Mixed Platforms.ActiveCfg = Mono Release|Any CPU
		{7DD28CAC-D7B8-4053-B820-9DA44565D40C}.Mono Release|Mixed Platforms.Build.0 = Mono Release|Any CPU
		{7DD28CAC-D7B8-4053-B820-9DA44565D40C}.Release|Any CPU.ActiveCfg = Release|Any CPU
		{7DD28CAC-D7B8-4053-B820-9DA44565D40C}.Release|Any CPU.Build.0 = Release|Any CPU
		{7DD28CAC-D7B8-4053-B820-9DA44565D40C}.Release|Mixed Platforms.ActiveCfg = Release|Any CPU
		{7DD28CAC-D7B8-4053-B820-9DA44565D40C}.Release|Mixed Platforms.Build.0 = Release|Any CPU
		{211C558C-1712-44E9-A959-FE2D2AA1DE34}.Coverage|Any CPU.ActiveCfg = Release|Any CPU
		{211C558C-1712-44E9-A959-FE2D2AA1DE34}.Coverage|Any CPU.Build.0 = Release|Any CPU
		{211C558C-1712-44E9-A959-FE2D2AA1DE34}.Coverage|Mixed Platforms.ActiveCfg = Release|Any CPU
		{211C558C-1712-44E9-A959-FE2D2AA1DE34}.Coverage|Mixed Platforms.Build.0 = Release|Any CPU
		{211C558C-1712-44E9-A959-FE2D2AA1DE34}.Debug|Any CPU.ActiveCfg = Debug|Any CPU
		{211C558C-1712-44E9-A959-FE2D2AA1DE34}.Debug|Any CPU.Build.0 = Debug|Any CPU
		{211C558C-1712-44E9-A959-FE2D2AA1DE34}.Debug|Mixed Platforms.ActiveCfg = Debug|Any CPU
		{211C558C-1712-44E9-A959-FE2D2AA1DE34}.Debug|Mixed Platforms.Build.0 = Debug|Any CPU
		{211C558C-1712-44E9-A959-FE2D2AA1DE34}.Mono Debug|Any CPU.ActiveCfg = Debug|Any CPU
		{211C558C-1712-44E9-A959-FE2D2AA1DE34}.Mono Debug|Any CPU.Build.0 = Debug|Any CPU
		{211C558C-1712-44E9-A959-FE2D2AA1DE34}.Mono Debug|Mixed Platforms.ActiveCfg = Debug|Any CPU
		{211C558C-1712-44E9-A959-FE2D2AA1DE34}.Mono Debug|Mixed Platforms.Build.0 = Debug|Any CPU
		{211C558C-1712-44E9-A959-FE2D2AA1DE34}.Mono Release|Any CPU.ActiveCfg = Release|Any CPU
		{211C558C-1712-44E9-A959-FE2D2AA1DE34}.Mono Release|Any CPU.Build.0 = Release|Any CPU
		{211C558C-1712-44E9-A959-FE2D2AA1DE34}.Mono Release|Mixed Platforms.ActiveCfg = Release|Any CPU
		{211C558C-1712-44E9-A959-FE2D2AA1DE34}.Mono Release|Mixed Platforms.Build.0 = Release|Any CPU
		{211C558C-1712-44E9-A959-FE2D2AA1DE34}.Release|Any CPU.ActiveCfg = Release|Any CPU
		{211C558C-1712-44E9-A959-FE2D2AA1DE34}.Release|Any CPU.Build.0 = Release|Any CPU
		{211C558C-1712-44E9-A959-FE2D2AA1DE34}.Release|Mixed Platforms.ActiveCfg = Release|Any CPU
		{211C558C-1712-44E9-A959-FE2D2AA1DE34}.Release|Mixed Platforms.Build.0 = Release|Any CPU
		{56EF26E3-35FE-4857-BCE3-438089339C83}.Coverage|Any CPU.ActiveCfg = Release|Any CPU
		{56EF26E3-35FE-4857-BCE3-438089339C83}.Coverage|Any CPU.Build.0 = Release|Any CPU
		{56EF26E3-35FE-4857-BCE3-438089339C83}.Coverage|Mixed Platforms.ActiveCfg = Release|Any CPU
		{56EF26E3-35FE-4857-BCE3-438089339C83}.Coverage|Mixed Platforms.Build.0 = Release|Any CPU
		{56EF26E3-35FE-4857-BCE3-438089339C83}.Debug|Any CPU.ActiveCfg = Debug|Any CPU
		{56EF26E3-35FE-4857-BCE3-438089339C83}.Debug|Any CPU.Build.0 = Debug|Any CPU
		{56EF26E3-35FE-4857-BCE3-438089339C83}.Debug|Mixed Platforms.ActiveCfg = Debug|Any CPU
		{56EF26E3-35FE-4857-BCE3-438089339C83}.Debug|Mixed Platforms.Build.0 = Debug|Any CPU
		{56EF26E3-35FE-4857-BCE3-438089339C83}.Mono Debug|Any CPU.ActiveCfg = Debug|Any CPU
		{56EF26E3-35FE-4857-BCE3-438089339C83}.Mono Debug|Any CPU.Build.0 = Debug|Any CPU
		{56EF26E3-35FE-4857-BCE3-438089339C83}.Mono Debug|Mixed Platforms.ActiveCfg = Debug|Any CPU
		{56EF26E3-35FE-4857-BCE3-438089339C83}.Mono Debug|Mixed Platforms.Build.0 = Debug|Any CPU
		{56EF26E3-35FE-4857-BCE3-438089339C83}.Mono Release|Any CPU.ActiveCfg = Release|Any CPU
		{56EF26E3-35FE-4857-BCE3-438089339C83}.Mono Release|Any CPU.Build.0 = Release|Any CPU
		{56EF26E3-35FE-4857-BCE3-438089339C83}.Mono Release|Mixed Platforms.ActiveCfg = Release|Any CPU
		{56EF26E3-35FE-4857-BCE3-438089339C83}.Mono Release|Mixed Platforms.Build.0 = Release|Any CPU
		{56EF26E3-35FE-4857-BCE3-438089339C83}.Release|Any CPU.ActiveCfg = Release|Any CPU
		{56EF26E3-35FE-4857-BCE3-438089339C83}.Release|Any CPU.Build.0 = Release|Any CPU
		{56EF26E3-35FE-4857-BCE3-438089339C83}.Release|Mixed Platforms.ActiveCfg = Release|Any CPU
		{56EF26E3-35FE-4857-BCE3-438089339C83}.Release|Mixed Platforms.Build.0 = Release|Any CPU
		{A8EFBE54-4136-4D15-8DB7-3FFECEE50682}.Coverage|Any CPU.ActiveCfg = Release|Any CPU
		{A8EFBE54-4136-4D15-8DB7-3FFECEE50682}.Coverage|Any CPU.Build.0 = Release|Any CPU
		{A8EFBE54-4136-4D15-8DB7-3FFECEE50682}.Coverage|Mixed Platforms.ActiveCfg = Release|Any CPU
		{A8EFBE54-4136-4D15-8DB7-3FFECEE50682}.Coverage|Mixed Platforms.Build.0 = Release|Any CPU
		{A8EFBE54-4136-4D15-8DB7-3FFECEE50682}.Debug|Any CPU.ActiveCfg = Debug|Any CPU
		{A8EFBE54-4136-4D15-8DB7-3FFECEE50682}.Debug|Any CPU.Build.0 = Debug|Any CPU
		{A8EFBE54-4136-4D15-8DB7-3FFECEE50682}.Debug|Mixed Platforms.ActiveCfg = Debug|Any CPU
		{A8EFBE54-4136-4D15-8DB7-3FFECEE50682}.Debug|Mixed Platforms.Build.0 = Debug|Any CPU
		{A8EFBE54-4136-4D15-8DB7-3FFECEE50682}.Mono Debug|Any CPU.ActiveCfg = Debug|Any CPU
		{A8EFBE54-4136-4D15-8DB7-3FFECEE50682}.Mono Debug|Any CPU.Build.0 = Debug|Any CPU
		{A8EFBE54-4136-4D15-8DB7-3FFECEE50682}.Mono Debug|Mixed Platforms.ActiveCfg = Debug|Any CPU
		{A8EFBE54-4136-4D15-8DB7-3FFECEE50682}.Mono Debug|Mixed Platforms.Build.0 = Debug|Any CPU
		{A8EFBE54-4136-4D15-8DB7-3FFECEE50682}.Mono Release|Any CPU.ActiveCfg = Release|Any CPU
		{A8EFBE54-4136-4D15-8DB7-3FFECEE50682}.Mono Release|Any CPU.Build.0 = Release|Any CPU
		{A8EFBE54-4136-4D15-8DB7-3FFECEE50682}.Mono Release|Mixed Platforms.ActiveCfg = Release|Any CPU
		{A8EFBE54-4136-4D15-8DB7-3FFECEE50682}.Mono Release|Mixed Platforms.Build.0 = Release|Any CPU
		{A8EFBE54-4136-4D15-8DB7-3FFECEE50682}.Release|Any CPU.ActiveCfg = Release|Any CPU
		{A8EFBE54-4136-4D15-8DB7-3FFECEE50682}.Release|Any CPU.Build.0 = Release|Any CPU
		{A8EFBE54-4136-4D15-8DB7-3FFECEE50682}.Release|Mixed Platforms.ActiveCfg = Release|Any CPU
		{A8EFBE54-4136-4D15-8DB7-3FFECEE50682}.Release|Mixed Platforms.Build.0 = Release|Any CPU
		{9FE9B712-F684-43EC-8F20-F452C60437CB}.Coverage|Any CPU.ActiveCfg = Coverage|Any CPU
		{9FE9B712-F684-43EC-8F20-F452C60437CB}.Coverage|Any CPU.Build.0 = Coverage|Any CPU
		{9FE9B712-F684-43EC-8F20-F452C60437CB}.Coverage|Mixed Platforms.ActiveCfg = Coverage|Any CPU
		{9FE9B712-F684-43EC-8F20-F452C60437CB}.Coverage|Mixed Platforms.Build.0 = Coverage|Any CPU
		{9FE9B712-F684-43EC-8F20-F452C60437CB}.Debug|Any CPU.ActiveCfg = Debug|Any CPU
		{9FE9B712-F684-43EC-8F20-F452C60437CB}.Debug|Any CPU.Build.0 = Debug|Any CPU
		{9FE9B712-F684-43EC-8F20-F452C60437CB}.Debug|Mixed Platforms.ActiveCfg = Debug|Any CPU
		{9FE9B712-F684-43EC-8F20-F452C60437CB}.Debug|Mixed Platforms.Build.0 = Debug|Any CPU
		{9FE9B712-F684-43EC-8F20-F452C60437CB}.Mono Debug|Any CPU.ActiveCfg = Mono Debug|Any CPU
		{9FE9B712-F684-43EC-8F20-F452C60437CB}.Mono Debug|Any CPU.Build.0 = Mono Debug|Any CPU
		{9FE9B712-F684-43EC-8F20-F452C60437CB}.Mono Debug|Mixed Platforms.ActiveCfg = Mono Debug|Any CPU
		{9FE9B712-F684-43EC-8F20-F452C60437CB}.Mono Debug|Mixed Platforms.Build.0 = Mono Debug|Any CPU
		{9FE9B712-F684-43EC-8F20-F452C60437CB}.Mono Release|Any CPU.ActiveCfg = Mono Release|Any CPU
		{9FE9B712-F684-43EC-8F20-F452C60437CB}.Mono Release|Any CPU.Build.0 = Mono Release|Any CPU
		{9FE9B712-F684-43EC-8F20-F452C60437CB}.Mono Release|Mixed Platforms.ActiveCfg = Mono Release|Any CPU
		{9FE9B712-F684-43EC-8F20-F452C60437CB}.Mono Release|Mixed Platforms.Build.0 = Mono Release|Any CPU
		{9FE9B712-F684-43EC-8F20-F452C60437CB}.Release|Any CPU.ActiveCfg = Release|Any CPU
		{9FE9B712-F684-43EC-8F20-F452C60437CB}.Release|Any CPU.Build.0 = Release|Any CPU
		{9FE9B712-F684-43EC-8F20-F452C60437CB}.Release|Mixed Platforms.ActiveCfg = Release|Any CPU
		{9FE9B712-F684-43EC-8F20-F452C60437CB}.Release|Mixed Platforms.Build.0 = Release|Any CPU
		{253F3206-BEF0-4F7E-8D04-570E7E339643}.Coverage|Any CPU.ActiveCfg = Release|Any CPU
		{253F3206-BEF0-4F7E-8D04-570E7E339643}.Coverage|Any CPU.Build.0 = Release|Any CPU
		{253F3206-BEF0-4F7E-8D04-570E7E339643}.Coverage|Mixed Platforms.ActiveCfg = Release|Any CPU
		{253F3206-BEF0-4F7E-8D04-570E7E339643}.Coverage|Mixed Platforms.Build.0 = Release|Any CPU
		{253F3206-BEF0-4F7E-8D04-570E7E339643}.Debug|Any CPU.ActiveCfg = Debug|Any CPU
		{253F3206-BEF0-4F7E-8D04-570E7E339643}.Debug|Any CPU.Build.0 = Debug|Any CPU
		{253F3206-BEF0-4F7E-8D04-570E7E339643}.Debug|Mixed Platforms.ActiveCfg = Debug|Any CPU
		{253F3206-BEF0-4F7E-8D04-570E7E339643}.Debug|Mixed Platforms.Build.0 = Debug|Any CPU
		{253F3206-BEF0-4F7E-8D04-570E7E339643}.Mono Debug|Any CPU.ActiveCfg = Debug|Any CPU
		{253F3206-BEF0-4F7E-8D04-570E7E339643}.Mono Debug|Any CPU.Build.0 = Debug|Any CPU
		{253F3206-BEF0-4F7E-8D04-570E7E339643}.Mono Debug|Mixed Platforms.ActiveCfg = Debug|Any CPU
		{253F3206-BEF0-4F7E-8D04-570E7E339643}.Mono Debug|Mixed Platforms.Build.0 = Debug|Any CPU
		{253F3206-BEF0-4F7E-8D04-570E7E339643}.Mono Release|Any CPU.ActiveCfg = Release|Any CPU
		{253F3206-BEF0-4F7E-8D04-570E7E339643}.Mono Release|Any CPU.Build.0 = Release|Any CPU
		{253F3206-BEF0-4F7E-8D04-570E7E339643}.Mono Release|Mixed Platforms.ActiveCfg = Release|Any CPU
		{253F3206-BEF0-4F7E-8D04-570E7E339643}.Mono Release|Mixed Platforms.Build.0 = Release|Any CPU
		{253F3206-BEF0-4F7E-8D04-570E7E339643}.Release|Any CPU.ActiveCfg = Release|Any CPU
		{253F3206-BEF0-4F7E-8D04-570E7E339643}.Release|Any CPU.Build.0 = Release|Any CPU
		{253F3206-BEF0-4F7E-8D04-570E7E339643}.Release|Mixed Platforms.ActiveCfg = Release|Any CPU
		{253F3206-BEF0-4F7E-8D04-570E7E339643}.Release|Mixed Platforms.Build.0 = Release|Any CPU
		{37465016-5F91-478B-B4E3-DC78B025797A}.Coverage|Any CPU.ActiveCfg = Release|Any CPU
		{37465016-5F91-478B-B4E3-DC78B025797A}.Coverage|Any CPU.Build.0 = Release|Any CPU
		{37465016-5F91-478B-B4E3-DC78B025797A}.Coverage|Mixed Platforms.ActiveCfg = Release|Any CPU
		{37465016-5F91-478B-B4E3-DC78B025797A}.Coverage|Mixed Platforms.Build.0 = Release|Any CPU
		{37465016-5F91-478B-B4E3-DC78B025797A}.Debug|Any CPU.ActiveCfg = Debug|Any CPU
		{37465016-5F91-478B-B4E3-DC78B025797A}.Debug|Any CPU.Build.0 = Debug|Any CPU
		{37465016-5F91-478B-B4E3-DC78B025797A}.Debug|Mixed Platforms.ActiveCfg = Debug|Any CPU
		{37465016-5F91-478B-B4E3-DC78B025797A}.Debug|Mixed Platforms.Build.0 = Debug|Any CPU
		{37465016-5F91-478B-B4E3-DC78B025797A}.Mono Debug|Any CPU.ActiveCfg = Debug|Any CPU
		{37465016-5F91-478B-B4E3-DC78B025797A}.Mono Debug|Any CPU.Build.0 = Debug|Any CPU
		{37465016-5F91-478B-B4E3-DC78B025797A}.Mono Debug|Mixed Platforms.ActiveCfg = Debug|Any CPU
		{37465016-5F91-478B-B4E3-DC78B025797A}.Mono Debug|Mixed Platforms.Build.0 = Debug|Any CPU
		{37465016-5F91-478B-B4E3-DC78B025797A}.Mono Release|Any CPU.ActiveCfg = Release|Any CPU
		{37465016-5F91-478B-B4E3-DC78B025797A}.Mono Release|Any CPU.Build.0 = Release|Any CPU
		{37465016-5F91-478B-B4E3-DC78B025797A}.Mono Release|Mixed Platforms.ActiveCfg = Release|Any CPU
		{37465016-5F91-478B-B4E3-DC78B025797A}.Mono Release|Mixed Platforms.Build.0 = Release|Any CPU
		{37465016-5F91-478B-B4E3-DC78B025797A}.Release|Any CPU.ActiveCfg = Release|Any CPU
		{37465016-5F91-478B-B4E3-DC78B025797A}.Release|Any CPU.Build.0 = Release|Any CPU
		{37465016-5F91-478B-B4E3-DC78B025797A}.Release|Mixed Platforms.ActiveCfg = Release|Any CPU
		{37465016-5F91-478B-B4E3-DC78B025797A}.Release|Mixed Platforms.Build.0 = Release|Any CPU
		{07536C1C-85C7-4150-ADA3-5705E7A9E3CA}.Coverage|Any CPU.ActiveCfg = Release|Any CPU
		{07536C1C-85C7-4150-ADA3-5705E7A9E3CA}.Coverage|Any CPU.Build.0 = Release|Any CPU
		{07536C1C-85C7-4150-ADA3-5705E7A9E3CA}.Coverage|Mixed Platforms.ActiveCfg = Release|Any CPU
		{07536C1C-85C7-4150-ADA3-5705E7A9E3CA}.Coverage|Mixed Platforms.Build.0 = Release|Any CPU
		{07536C1C-85C7-4150-ADA3-5705E7A9E3CA}.Debug|Any CPU.ActiveCfg = Debug|Any CPU
		{07536C1C-85C7-4150-ADA3-5705E7A9E3CA}.Debug|Any CPU.Build.0 = Debug|Any CPU
		{07536C1C-85C7-4150-ADA3-5705E7A9E3CA}.Debug|Mixed Platforms.ActiveCfg = Debug|Any CPU
		{07536C1C-85C7-4150-ADA3-5705E7A9E3CA}.Debug|Mixed Platforms.Build.0 = Debug|Any CPU
		{07536C1C-85C7-4150-ADA3-5705E7A9E3CA}.Mono Debug|Any CPU.ActiveCfg = Debug|Any CPU
		{07536C1C-85C7-4150-ADA3-5705E7A9E3CA}.Mono Debug|Any CPU.Build.0 = Debug|Any CPU
		{07536C1C-85C7-4150-ADA3-5705E7A9E3CA}.Mono Debug|Mixed Platforms.ActiveCfg = Debug|Any CPU
		{07536C1C-85C7-4150-ADA3-5705E7A9E3CA}.Mono Debug|Mixed Platforms.Build.0 = Debug|Any CPU
		{07536C1C-85C7-4150-ADA3-5705E7A9E3CA}.Mono Release|Any CPU.ActiveCfg = Release|Any CPU
		{07536C1C-85C7-4150-ADA3-5705E7A9E3CA}.Mono Release|Any CPU.Build.0 = Release|Any CPU
		{07536C1C-85C7-4150-ADA3-5705E7A9E3CA}.Mono Release|Mixed Platforms.ActiveCfg = Release|Any CPU
		{07536C1C-85C7-4150-ADA3-5705E7A9E3CA}.Mono Release|Mixed Platforms.Build.0 = Release|Any CPU
		{07536C1C-85C7-4150-ADA3-5705E7A9E3CA}.Release|Any CPU.ActiveCfg = Release|Any CPU
		{07536C1C-85C7-4150-ADA3-5705E7A9E3CA}.Release|Any CPU.Build.0 = Release|Any CPU
		{07536C1C-85C7-4150-ADA3-5705E7A9E3CA}.Release|Mixed Platforms.ActiveCfg = Release|Any CPU
		{07536C1C-85C7-4150-ADA3-5705E7A9E3CA}.Release|Mixed Platforms.Build.0 = Release|Any CPU
		{4E58E50B-8AAF-49EB-92C9-1BC4729D93C4}.Coverage|Any CPU.ActiveCfg = Coverage|Any CPU
		{4E58E50B-8AAF-49EB-92C9-1BC4729D93C4}.Coverage|Any CPU.Build.0 = Coverage|Any CPU
		{4E58E50B-8AAF-49EB-92C9-1BC4729D93C4}.Coverage|Mixed Platforms.ActiveCfg = Coverage|Any CPU
		{4E58E50B-8AAF-49EB-92C9-1BC4729D93C4}.Coverage|Mixed Platforms.Build.0 = Coverage|Any CPU
		{4E58E50B-8AAF-49EB-92C9-1BC4729D93C4}.Debug|Any CPU.ActiveCfg = Debug|Any CPU
		{4E58E50B-8AAF-49EB-92C9-1BC4729D93C4}.Debug|Any CPU.Build.0 = Debug|Any CPU
		{4E58E50B-8AAF-49EB-92C9-1BC4729D93C4}.Debug|Mixed Platforms.ActiveCfg = Debug|Any CPU
		{4E58E50B-8AAF-49EB-92C9-1BC4729D93C4}.Debug|Mixed Platforms.Build.0 = Debug|Any CPU
		{4E58E50B-8AAF-49EB-92C9-1BC4729D93C4}.Mono Debug|Any CPU.ActiveCfg = Mono Debug|Any CPU
		{4E58E50B-8AAF-49EB-92C9-1BC4729D93C4}.Mono Debug|Any CPU.Build.0 = Mono Debug|Any CPU
		{4E58E50B-8AAF-49EB-92C9-1BC4729D93C4}.Mono Debug|Mixed Platforms.ActiveCfg = Mono Debug|Any CPU
		{4E58E50B-8AAF-49EB-92C9-1BC4729D93C4}.Mono Debug|Mixed Platforms.Build.0 = Mono Debug|Any CPU
		{4E58E50B-8AAF-49EB-92C9-1BC4729D93C4}.Mono Release|Any CPU.ActiveCfg = Mono Release|Any CPU
		{4E58E50B-8AAF-49EB-92C9-1BC4729D93C4}.Mono Release|Any CPU.Build.0 = Mono Release|Any CPU
		{4E58E50B-8AAF-49EB-92C9-1BC4729D93C4}.Mono Release|Mixed Platforms.ActiveCfg = Mono Release|Any CPU
		{4E58E50B-8AAF-49EB-92C9-1BC4729D93C4}.Mono Release|Mixed Platforms.Build.0 = Mono Release|Any CPU
		{4E58E50B-8AAF-49EB-92C9-1BC4729D93C4}.Release|Any CPU.ActiveCfg = Release|Any CPU
		{4E58E50B-8AAF-49EB-92C9-1BC4729D93C4}.Release|Any CPU.Build.0 = Release|Any CPU
		{4E58E50B-8AAF-49EB-92C9-1BC4729D93C4}.Release|Mixed Platforms.ActiveCfg = Release|Any CPU
		{4E58E50B-8AAF-49EB-92C9-1BC4729D93C4}.Release|Mixed Platforms.Build.0 = Release|Any CPU
	EndGlobalSection
	GlobalSection(SolutionProperties) = preSolution
		HideSolutionNode = FALSE
	EndGlobalSection
	GlobalSection(NestedProjects) = preSolution
		{3B13F3A6-64D9-4D22-9890-88A542E2603E} = {E7B39EAD-EA32-4011-845A-C949A336389A}
		{4F42391D-ABC3-4832-9F6B-2F65DA85624A} = {3B13F3A6-64D9-4D22-9890-88A542E2603E}
		{D617D07A-215C-4327-8DAA-AB00C59EF489} = {3B13F3A6-64D9-4D22-9890-88A542E2603E}
		{D3106412-E3AF-4CB6-B6D3-3664465B491F} = {E7B39EAD-EA32-4011-845A-C949A336389A}
		{3840480F-EA53-4CD4-8155-7CA579CB8E37} = {E7B39EAD-EA32-4011-845A-C949A336389A}
		{5B445EB1-3D2F-4D03-A004-09275F649419} = {E7B39EAD-EA32-4011-845A-C949A336389A}
		{F016882A-C798-4446-BB75-D3C393A38B32} = {E7B39EAD-EA32-4011-845A-C949A336389A}
		{6C09BF50-E5B3-4810-8A17-37D399A172ED} = {E7B39EAD-EA32-4011-845A-C949A336389A}
		{82AB7D04-FA51-4707-8A1F-62B29AC23E6D} = {E7B39EAD-EA32-4011-845A-C949A336389A}
		{92D18050-3867-4E39-B305-9F9870F66F5E} = {E7B39EAD-EA32-4011-845A-C949A336389A}
		{135A5956-39CD-495C-8FB2-06678A90488D} = {E7B39EAD-EA32-4011-845A-C949A336389A}
		{5376E601-D111-4198-8BC2-F1118433CC83} = {E7B39EAD-EA32-4011-845A-C949A336389A}
		{F1A63FD0-E1DE-43C6-940A-754D3B6C0A77} = {E7B39EAD-EA32-4011-845A-C949A336389A}
		{25A2D439-B045-4059-9E1F-738362B72554} = {E7B39EAD-EA32-4011-845A-C949A336389A}
		{61C7D2E8-79A2-4645-AA84-3C81C89588E9} = {E7B39EAD-EA32-4011-845A-C949A336389A}
		{56EF26E3-35FE-4857-BCE3-438089339C83} = {F7AB250E-2479-4C9A-AFB2-67A9954918C3}
		{9FE9B712-F684-43EC-8F20-F452C60437CB} = {F7AB250E-2479-4C9A-AFB2-67A9954918C3}
		{253F3206-BEF0-4F7E-8D04-570E7E339643} = {F7AB250E-2479-4C9A-AFB2-67A9954918C3}
		{37465016-5F91-478B-B4E3-DC78B025797A} = {F7AB250E-2479-4C9A-AFB2-67A9954918C3}
	EndGlobalSection
EndGlobal
