
Microsoft Visual Studio Solution File, Format Version 11.00
# Visual Studio 2010
Project("{FAE04EC0-301F-11D3-BF4B-00C04F79EFBC}") = "NuPack.Core", "NuPack.Core\NuPack.Core.csproj", "{F879F274-EFA0-4157-8404-33A19B4E6AEC}"
EndProject
Project("{FAE04EC0-301F-11D3-BF4B-00C04F79EFBC}") = "NuPack.VisualStudio", "NuPack.VisualStudio\NuPack.VisualStudio.csproj", "{6146CA62-CC16-422C-A105-3E81F7452AA6}"
EndProject
Project("{FAE04EC0-301F-11D3-BF4B-00C04F79EFBC}") = "NuPack.Test", "NuPack.Test\NuPack.Test.csproj", "{D3106412-E3AF-4CB6-B6D3-3664465B491F}"
EndProject
Project("{FAE04EC0-301F-11D3-BF4B-00C04F79EFBC}") = "NuPack.Server", "NuPack.Server\NuPack.Server.csproj", "{793B20A9-E263-4B54-BB31-305B602087CE}"
EndProject
Project("{FAE04EC0-301F-11D3-BF4B-00C04F79EFBC}") = "NuPack.Tools", "NuPack.Tools\NuPack.Tools.csproj", "{D0F9864B-D782-4471-81A2-29555E5DC0D7}"
EndProject
Project("{FAE04EC0-301F-11D3-BF4B-00C04F79EFBC}") = "NuPack.Console", "NuPack.Console\NuPackConsole\NuPack.Console.csproj", "{50E33DA2-AF14-486D-81B8-BD8409744A38}"
EndProject
Project("{FAE04EC0-301F-11D3-BF4B-00C04F79EFBC}") = "PowerShellHost", "NuPack.Console\PowerShellHost\PowerShellHost.csproj", "{5A79EEF3-51C0-4A14-8D37-50EF38AD835D}"
EndProject
Project("{FAE04EC0-301F-11D3-BF4B-00C04F79EFBC}") = "NuPack", "NuPack\NuPack.csproj", "{B34A6632-E627-4B66-8E0A-D2DA3BC96893}"
EndProject
Project("{FAE04EC0-301F-11D3-BF4B-00C04F79EFBC}") = "NuPack.Dialog", "NuPack.Dialog\NuPack.Dialog.csproj", "{05497432-8899-4ED4-BB97-7B5EA3E911DB}"
EndProject
Project("{FAE04EC0-301F-11D3-BF4B-00C04F79EFBC}") = "NuPack.TeamFoundationServer", "NuPack.TeamFoundationServer\NuPack.TeamFoundationServer.csproj", "{5FC1C439-9263-470E-9C09-6E8B1E24C6B2}"
EndProject
Project("{2150E333-8FDC-42A3-9474-1A3956D46DE8}") = "tests", "tests", "{E7B39EAD-EA32-4011-845A-C949A336389A}"
EndProject
Project("{FAE04EC0-301F-11D3-BF4B-00C04F79EFBC}") = "NuPack.Test.Integration", "NuPack.Test.Integration\NuPack.Test.Integration.csproj", "{135A5956-39CD-495C-8FB2-06678A90488D}"
EndProject
Project("{2150E333-8FDC-42A3-9474-1A3956D46DE8}") = "notices", "notices", "{E8BEECAD-4A51-48A6-9602-6D8C6F41841E}"
	ProjectSection(SolutionItems) = preProject
		COPYRIGHT.txt = COPYRIGHT.txt
		CREDITS.txt = CREDITS.txt
		LICENSE.txt = LICENSE.txt
	EndProjectSection
EndProject
Project("{2150E333-8FDC-42A3-9474-1A3956D46DE8}") = "Solution Items", "Solution Items", "{A2E61590-0069-4746-A44D-4B2B805EDD91}"
	ProjectSection(SolutionItems) = preProject
		Build\Build.proj = Build\Build.proj
		CodeAnalysisDictionary.xml = CodeAnalysisDictionary.xml
		Build\ilmerge.internalize.ignore.txt = Build\ilmerge.internalize.ignore.txt
		Build\NuPack.Settings.targets = Build\NuPack.Settings.targets
		NuPack.Test.Integration\NuPack.Test.Integration.testsettings = NuPack.Test.Integration\NuPack.Test.Integration.testsettings
		Build\NuPack.Test.targets = Build\NuPack.Test.targets
		NuPack.vsmdi = NuPack.vsmdi
		Build\PackageBuild.proj = Build\PackageBuild.proj
	EndProjectSection
EndProject
Project("{FAE04EC0-301F-11D3-BF4B-00C04F79EFBC}") = "PowerShellHostProvider", "NuPack.Console\PowerShellHostProvider\PowerShellHostProvider.csproj", "{A5E7AEB3-738F-4C39-A459-00F90483B2FE}"
EndProject
Project("{FAE04EC0-301F-11D3-BF4B-00C04F79EFBC}") = "NuPack.MSBuild", "NuPack.MSBuild\NuPack.MSBuild.csproj", "{74CD9786-C226-4A58-A250-2DBC9EE29670}"
EndProject
Project("{FAE04EC0-301F-11D3-BF4B-00C04F79EFBC}") = "NuPack.MSBuild.Test", "NuPack.MSBuild.Test\NuPack.MSBuild.Test.csproj", "{6A76CD40-AB6E-4321-9978-3DB0B7A180D6}"
EndProject
Project("{FAE04EC0-301F-11D3-BF4B-00C04F79EFBC}") = "NuPack.TestUI", "NuPack.TestUI\NuPack.TestUI.csproj", "{5B445EB1-3D2F-4D03-A004-09275F649419}"
EndProject
Global
	GlobalSection(TestCaseManagementSettings) = postSolution
		CategoryFile = NuPack.vsmdi
	EndGlobalSection
	GlobalSection(SolutionConfigurationPlatforms) = preSolution
		Coverage|Any CPU = Coverage|Any CPU
		Coverage|Mixed Platforms = Coverage|Mixed Platforms
		Coverage|x86 = Coverage|x86
		Debug|Any CPU = Debug|Any CPU
		Debug|Mixed Platforms = Debug|Mixed Platforms
		Debug|x86 = Debug|x86
		Release|Any CPU = Release|Any CPU
		Release|Mixed Platforms = Release|Mixed Platforms
		Release|x86 = Release|x86
	EndGlobalSection
	GlobalSection(ProjectConfigurationPlatforms) = postSolution
		{F879F274-EFA0-4157-8404-33A19B4E6AEC}.Coverage|Any CPU.ActiveCfg = Coverage|Any CPU
		{F879F274-EFA0-4157-8404-33A19B4E6AEC}.Coverage|Any CPU.Build.0 = Coverage|Any CPU
		{F879F274-EFA0-4157-8404-33A19B4E6AEC}.Coverage|Mixed Platforms.ActiveCfg = Coverage|Any CPU
		{F879F274-EFA0-4157-8404-33A19B4E6AEC}.Coverage|Mixed Platforms.Build.0 = Coverage|Any CPU
		{F879F274-EFA0-4157-8404-33A19B4E6AEC}.Coverage|x86.ActiveCfg = Coverage|Any CPU
		{F879F274-EFA0-4157-8404-33A19B4E6AEC}.Debug|Any CPU.ActiveCfg = Debug|Any CPU
		{F879F274-EFA0-4157-8404-33A19B4E6AEC}.Debug|Any CPU.Build.0 = Debug|Any CPU
		{F879F274-EFA0-4157-8404-33A19B4E6AEC}.Debug|Mixed Platforms.ActiveCfg = Debug|Any CPU
		{F879F274-EFA0-4157-8404-33A19B4E6AEC}.Debug|Mixed Platforms.Build.0 = Debug|Any CPU
		{F879F274-EFA0-4157-8404-33A19B4E6AEC}.Debug|x86.ActiveCfg = Debug|Any CPU
		{F879F274-EFA0-4157-8404-33A19B4E6AEC}.Release|Any CPU.ActiveCfg = Release|Any CPU
		{F879F274-EFA0-4157-8404-33A19B4E6AEC}.Release|Any CPU.Build.0 = Release|Any CPU
		{F879F274-EFA0-4157-8404-33A19B4E6AEC}.Release|Mixed Platforms.ActiveCfg = Release|Any CPU
		{F879F274-EFA0-4157-8404-33A19B4E6AEC}.Release|Mixed Platforms.Build.0 = Release|Any CPU
		{F879F274-EFA0-4157-8404-33A19B4E6AEC}.Release|x86.ActiveCfg = Release|Any CPU
		{6146CA62-CC16-422C-A105-3E81F7452AA6}.Coverage|Any CPU.ActiveCfg = Coverage|Any CPU
		{6146CA62-CC16-422C-A105-3E81F7452AA6}.Coverage|Any CPU.Build.0 = Coverage|Any CPU
		{6146CA62-CC16-422C-A105-3E81F7452AA6}.Coverage|Mixed Platforms.ActiveCfg = Coverage|Any CPU
		{6146CA62-CC16-422C-A105-3E81F7452AA6}.Coverage|Mixed Platforms.Build.0 = Coverage|Any CPU
		{6146CA62-CC16-422C-A105-3E81F7452AA6}.Coverage|x86.ActiveCfg = Coverage|Any CPU
		{6146CA62-CC16-422C-A105-3E81F7452AA6}.Debug|Any CPU.ActiveCfg = Debug|Any CPU
		{6146CA62-CC16-422C-A105-3E81F7452AA6}.Debug|Any CPU.Build.0 = Debug|Any CPU
		{6146CA62-CC16-422C-A105-3E81F7452AA6}.Debug|Mixed Platforms.ActiveCfg = Debug|Any CPU
		{6146CA62-CC16-422C-A105-3E81F7452AA6}.Debug|Mixed Platforms.Build.0 = Debug|Any CPU
		{6146CA62-CC16-422C-A105-3E81F7452AA6}.Debug|x86.ActiveCfg = Debug|Any CPU
		{6146CA62-CC16-422C-A105-3E81F7452AA6}.Release|Any CPU.ActiveCfg = Release|Any CPU
		{6146CA62-CC16-422C-A105-3E81F7452AA6}.Release|Any CPU.Build.0 = Release|Any CPU
		{6146CA62-CC16-422C-A105-3E81F7452AA6}.Release|Mixed Platforms.ActiveCfg = Release|Any CPU
		{6146CA62-CC16-422C-A105-3E81F7452AA6}.Release|Mixed Platforms.Build.0 = Release|Any CPU
		{6146CA62-CC16-422C-A105-3E81F7452AA6}.Release|x86.ActiveCfg = Release|Any CPU
		{D3106412-E3AF-4CB6-B6D3-3664465B491F}.Coverage|Any CPU.ActiveCfg = Coverage|Any CPU
		{D3106412-E3AF-4CB6-B6D3-3664465B491F}.Coverage|Any CPU.Build.0 = Coverage|Any CPU
		{D3106412-E3AF-4CB6-B6D3-3664465B491F}.Coverage|Mixed Platforms.ActiveCfg = Coverage|Any CPU
		{D3106412-E3AF-4CB6-B6D3-3664465B491F}.Coverage|Mixed Platforms.Build.0 = Coverage|Any CPU
		{D3106412-E3AF-4CB6-B6D3-3664465B491F}.Coverage|x86.ActiveCfg = Coverage|Any CPU
		{D3106412-E3AF-4CB6-B6D3-3664465B491F}.Debug|Any CPU.ActiveCfg = Debug|Any CPU
		{D3106412-E3AF-4CB6-B6D3-3664465B491F}.Debug|Any CPU.Build.0 = Debug|Any CPU
		{D3106412-E3AF-4CB6-B6D3-3664465B491F}.Debug|Mixed Platforms.ActiveCfg = Debug|Any CPU
		{D3106412-E3AF-4CB6-B6D3-3664465B491F}.Debug|Mixed Platforms.Build.0 = Debug|Any CPU
		{D3106412-E3AF-4CB6-B6D3-3664465B491F}.Debug|x86.ActiveCfg = Debug|Any CPU
		{D3106412-E3AF-4CB6-B6D3-3664465B491F}.Release|Any CPU.ActiveCfg = Release|Any CPU
		{D3106412-E3AF-4CB6-B6D3-3664465B491F}.Release|Any CPU.Build.0 = Release|Any CPU
		{D3106412-E3AF-4CB6-B6D3-3664465B491F}.Release|Mixed Platforms.ActiveCfg = Release|Any CPU
		{D3106412-E3AF-4CB6-B6D3-3664465B491F}.Release|Mixed Platforms.Build.0 = Release|Any CPU
		{D3106412-E3AF-4CB6-B6D3-3664465B491F}.Release|x86.ActiveCfg = Release|Any CPU
		{793B20A9-E263-4B54-BB31-305B602087CE}.Coverage|Any CPU.ActiveCfg = Coverage|Any CPU
		{793B20A9-E263-4B54-BB31-305B602087CE}.Coverage|Any CPU.Build.0 = Coverage|Any CPU
		{793B20A9-E263-4B54-BB31-305B602087CE}.Coverage|Mixed Platforms.ActiveCfg = Coverage|Any CPU
		{793B20A9-E263-4B54-BB31-305B602087CE}.Coverage|Mixed Platforms.Build.0 = Coverage|Any CPU
		{793B20A9-E263-4B54-BB31-305B602087CE}.Coverage|x86.ActiveCfg = Coverage|Any CPU
		{793B20A9-E263-4B54-BB31-305B602087CE}.Debug|Any CPU.ActiveCfg = Debug|Any CPU
		{793B20A9-E263-4B54-BB31-305B602087CE}.Debug|Any CPU.Build.0 = Debug|Any CPU
		{793B20A9-E263-4B54-BB31-305B602087CE}.Debug|Mixed Platforms.ActiveCfg = Debug|Any CPU
		{793B20A9-E263-4B54-BB31-305B602087CE}.Debug|Mixed Platforms.Build.0 = Debug|Any CPU
		{793B20A9-E263-4B54-BB31-305B602087CE}.Debug|x86.ActiveCfg = Debug|Any CPU
		{793B20A9-E263-4B54-BB31-305B602087CE}.Release|Any CPU.ActiveCfg = Release|Any CPU
		{793B20A9-E263-4B54-BB31-305B602087CE}.Release|Any CPU.Build.0 = Release|Any CPU
		{793B20A9-E263-4B54-BB31-305B602087CE}.Release|Mixed Platforms.ActiveCfg = Release|Any CPU
		{793B20A9-E263-4B54-BB31-305B602087CE}.Release|Mixed Platforms.Build.0 = Release|Any CPU
		{793B20A9-E263-4B54-BB31-305B602087CE}.Release|x86.ActiveCfg = Release|Any CPU
		{D0F9864B-D782-4471-81A2-29555E5DC0D7}.Coverage|Any CPU.ActiveCfg = Coverage|Any CPU
		{D0F9864B-D782-4471-81A2-29555E5DC0D7}.Coverage|Any CPU.Build.0 = Coverage|Any CPU
		{D0F9864B-D782-4471-81A2-29555E5DC0D7}.Coverage|Mixed Platforms.ActiveCfg = Coverage|Any CPU
		{D0F9864B-D782-4471-81A2-29555E5DC0D7}.Coverage|Mixed Platforms.Build.0 = Coverage|Any CPU
		{D0F9864B-D782-4471-81A2-29555E5DC0D7}.Coverage|x86.ActiveCfg = Coverage|Any CPU
		{D0F9864B-D782-4471-81A2-29555E5DC0D7}.Debug|Any CPU.ActiveCfg = Debug|Any CPU
		{D0F9864B-D782-4471-81A2-29555E5DC0D7}.Debug|Any CPU.Build.0 = Debug|Any CPU
		{D0F9864B-D782-4471-81A2-29555E5DC0D7}.Debug|Mixed Platforms.ActiveCfg = Debug|Any CPU
		{D0F9864B-D782-4471-81A2-29555E5DC0D7}.Debug|Mixed Platforms.Build.0 = Debug|Any CPU
		{D0F9864B-D782-4471-81A2-29555E5DC0D7}.Debug|x86.ActiveCfg = Debug|Any CPU
		{D0F9864B-D782-4471-81A2-29555E5DC0D7}.Release|Any CPU.ActiveCfg = Release|Any CPU
		{D0F9864B-D782-4471-81A2-29555E5DC0D7}.Release|Any CPU.Build.0 = Release|Any CPU
		{D0F9864B-D782-4471-81A2-29555E5DC0D7}.Release|Mixed Platforms.ActiveCfg = Release|Any CPU
		{D0F9864B-D782-4471-81A2-29555E5DC0D7}.Release|Mixed Platforms.Build.0 = Release|Any CPU
		{D0F9864B-D782-4471-81A2-29555E5DC0D7}.Release|x86.ActiveCfg = Release|Any CPU
		{50E33DA2-AF14-486D-81B8-BD8409744A38}.Coverage|Any CPU.ActiveCfg = Coverage|Any CPU
		{50E33DA2-AF14-486D-81B8-BD8409744A38}.Coverage|Any CPU.Build.0 = Coverage|Any CPU
		{50E33DA2-AF14-486D-81B8-BD8409744A38}.Coverage|Mixed Platforms.ActiveCfg = Coverage|Any CPU
		{50E33DA2-AF14-486D-81B8-BD8409744A38}.Coverage|Mixed Platforms.Build.0 = Coverage|Any CPU
		{50E33DA2-AF14-486D-81B8-BD8409744A38}.Coverage|x86.ActiveCfg = Coverage|Any CPU
		{50E33DA2-AF14-486D-81B8-BD8409744A38}.Debug|Any CPU.ActiveCfg = Debug|Any CPU
		{50E33DA2-AF14-486D-81B8-BD8409744A38}.Debug|Any CPU.Build.0 = Debug|Any CPU
		{50E33DA2-AF14-486D-81B8-BD8409744A38}.Debug|Mixed Platforms.ActiveCfg = Debug|Any CPU
		{50E33DA2-AF14-486D-81B8-BD8409744A38}.Debug|Mixed Platforms.Build.0 = Debug|Any CPU
		{50E33DA2-AF14-486D-81B8-BD8409744A38}.Debug|x86.ActiveCfg = Debug|Any CPU
		{50E33DA2-AF14-486D-81B8-BD8409744A38}.Release|Any CPU.ActiveCfg = Release|Any CPU
		{50E33DA2-AF14-486D-81B8-BD8409744A38}.Release|Any CPU.Build.0 = Release|Any CPU
		{50E33DA2-AF14-486D-81B8-BD8409744A38}.Release|Mixed Platforms.ActiveCfg = Release|Any CPU
		{50E33DA2-AF14-486D-81B8-BD8409744A38}.Release|Mixed Platforms.Build.0 = Release|Any CPU
		{50E33DA2-AF14-486D-81B8-BD8409744A38}.Release|x86.ActiveCfg = Release|Any CPU
		{5A79EEF3-51C0-4A14-8D37-50EF38AD835D}.Coverage|Any CPU.ActiveCfg = Coverage|Any CPU
		{5A79EEF3-51C0-4A14-8D37-50EF38AD835D}.Coverage|Any CPU.Build.0 = Coverage|Any CPU
		{5A79EEF3-51C0-4A14-8D37-50EF38AD835D}.Coverage|Mixed Platforms.ActiveCfg = Coverage|Any CPU
		{5A79EEF3-51C0-4A14-8D37-50EF38AD835D}.Coverage|Mixed Platforms.Build.0 = Coverage|Any CPU
		{5A79EEF3-51C0-4A14-8D37-50EF38AD835D}.Coverage|x86.ActiveCfg = Coverage|Any CPU
		{5A79EEF3-51C0-4A14-8D37-50EF38AD835D}.Debug|Any CPU.ActiveCfg = Debug|Any CPU
		{5A79EEF3-51C0-4A14-8D37-50EF38AD835D}.Debug|Any CPU.Build.0 = Debug|Any CPU
		{5A79EEF3-51C0-4A14-8D37-50EF38AD835D}.Debug|Mixed Platforms.ActiveCfg = Debug|Any CPU
		{5A79EEF3-51C0-4A14-8D37-50EF38AD835D}.Debug|Mixed Platforms.Build.0 = Debug|Any CPU
		{5A79EEF3-51C0-4A14-8D37-50EF38AD835D}.Debug|x86.ActiveCfg = Debug|Any CPU
		{5A79EEF3-51C0-4A14-8D37-50EF38AD835D}.Release|Any CPU.ActiveCfg = Release|Any CPU
		{5A79EEF3-51C0-4A14-8D37-50EF38AD835D}.Release|Any CPU.Build.0 = Release|Any CPU
		{5A79EEF3-51C0-4A14-8D37-50EF38AD835D}.Release|Mixed Platforms.ActiveCfg = Release|Any CPU
		{5A79EEF3-51C0-4A14-8D37-50EF38AD835D}.Release|Mixed Platforms.Build.0 = Release|Any CPU
		{5A79EEF3-51C0-4A14-8D37-50EF38AD835D}.Release|x86.ActiveCfg = Release|Any CPU
		{B34A6632-E627-4B66-8E0A-D2DA3BC96893}.Coverage|Any CPU.ActiveCfg = Coverage|Any CPU
		{B34A6632-E627-4B66-8E0A-D2DA3BC96893}.Coverage|Any CPU.Build.0 = Coverage|Any CPU
		{B34A6632-E627-4B66-8E0A-D2DA3BC96893}.Coverage|Mixed Platforms.ActiveCfg = Coverage|Any CPU
		{B34A6632-E627-4B66-8E0A-D2DA3BC96893}.Coverage|Mixed Platforms.Build.0 = Coverage|Any CPU
		{B34A6632-E627-4B66-8E0A-D2DA3BC96893}.Coverage|x86.ActiveCfg = Coverage|Any CPU
		{B34A6632-E627-4B66-8E0A-D2DA3BC96893}.Debug|Any CPU.ActiveCfg = Debug|Any CPU
		{B34A6632-E627-4B66-8E0A-D2DA3BC96893}.Debug|Any CPU.Build.0 = Debug|Any CPU
		{B34A6632-E627-4B66-8E0A-D2DA3BC96893}.Debug|Mixed Platforms.ActiveCfg = Debug|Any CPU
		{B34A6632-E627-4B66-8E0A-D2DA3BC96893}.Debug|Mixed Platforms.Build.0 = Debug|Any CPU
		{B34A6632-E627-4B66-8E0A-D2DA3BC96893}.Debug|x86.ActiveCfg = Debug|Any CPU
		{B34A6632-E627-4B66-8E0A-D2DA3BC96893}.Release|Any CPU.ActiveCfg = Release|Any CPU
		{B34A6632-E627-4B66-8E0A-D2DA3BC96893}.Release|Any CPU.Build.0 = Release|Any CPU
		{B34A6632-E627-4B66-8E0A-D2DA3BC96893}.Release|Mixed Platforms.ActiveCfg = Release|Any CPU
		{B34A6632-E627-4B66-8E0A-D2DA3BC96893}.Release|Mixed Platforms.Build.0 = Release|Any CPU
		{B34A6632-E627-4B66-8E0A-D2DA3BC96893}.Release|x86.ActiveCfg = Release|Any CPU
		{05497432-8899-4ED4-BB97-7B5EA3E911DB}.Coverage|Any CPU.ActiveCfg = Coverage|Any CPU
		{05497432-8899-4ED4-BB97-7B5EA3E911DB}.Coverage|Any CPU.Build.0 = Coverage|Any CPU
		{05497432-8899-4ED4-BB97-7B5EA3E911DB}.Coverage|Mixed Platforms.ActiveCfg = Coverage|Any CPU
		{05497432-8899-4ED4-BB97-7B5EA3E911DB}.Coverage|Mixed Platforms.Build.0 = Coverage|Any CPU
		{05497432-8899-4ED4-BB97-7B5EA3E911DB}.Coverage|x86.ActiveCfg = Coverage|Any CPU
		{05497432-8899-4ED4-BB97-7B5EA3E911DB}.Debug|Any CPU.ActiveCfg = Debug|Any CPU
		{05497432-8899-4ED4-BB97-7B5EA3E911DB}.Debug|Any CPU.Build.0 = Debug|Any CPU
		{05497432-8899-4ED4-BB97-7B5EA3E911DB}.Debug|Mixed Platforms.ActiveCfg = Debug|Any CPU
		{05497432-8899-4ED4-BB97-7B5EA3E911DB}.Debug|Mixed Platforms.Build.0 = Debug|Any CPU
		{05497432-8899-4ED4-BB97-7B5EA3E911DB}.Debug|x86.ActiveCfg = Debug|Any CPU
		{05497432-8899-4ED4-BB97-7B5EA3E911DB}.Release|Any CPU.ActiveCfg = Release|Any CPU
		{05497432-8899-4ED4-BB97-7B5EA3E911DB}.Release|Any CPU.Build.0 = Release|Any CPU
		{05497432-8899-4ED4-BB97-7B5EA3E911DB}.Release|Mixed Platforms.ActiveCfg = Release|Any CPU
		{05497432-8899-4ED4-BB97-7B5EA3E911DB}.Release|Mixed Platforms.Build.0 = Release|Any CPU
		{05497432-8899-4ED4-BB97-7B5EA3E911DB}.Release|x86.ActiveCfg = Release|Any CPU
		{5FC1C439-9263-470E-9C09-6E8B1E24C6B2}.Coverage|Any CPU.ActiveCfg = Coverage|Any CPU
		{5FC1C439-9263-470E-9C09-6E8B1E24C6B2}.Coverage|Any CPU.Build.0 = Coverage|Any CPU
		{5FC1C439-9263-470E-9C09-6E8B1E24C6B2}.Coverage|Mixed Platforms.ActiveCfg = Coverage|Any CPU
		{5FC1C439-9263-470E-9C09-6E8B1E24C6B2}.Coverage|Mixed Platforms.Build.0 = Coverage|Any CPU
		{5FC1C439-9263-470E-9C09-6E8B1E24C6B2}.Coverage|x86.ActiveCfg = Coverage|Any CPU
		{5FC1C439-9263-470E-9C09-6E8B1E24C6B2}.Debug|Any CPU.ActiveCfg = Debug|Any CPU
		{5FC1C439-9263-470E-9C09-6E8B1E24C6B2}.Debug|Any CPU.Build.0 = Debug|Any CPU
		{5FC1C439-9263-470E-9C09-6E8B1E24C6B2}.Debug|Mixed Platforms.ActiveCfg = Debug|Any CPU
		{5FC1C439-9263-470E-9C09-6E8B1E24C6B2}.Debug|Mixed Platforms.Build.0 = Debug|Any CPU
		{5FC1C439-9263-470E-9C09-6E8B1E24C6B2}.Debug|x86.ActiveCfg = Debug|Any CPU
		{5FC1C439-9263-470E-9C09-6E8B1E24C6B2}.Release|Any CPU.ActiveCfg = Release|Any CPU
		{5FC1C439-9263-470E-9C09-6E8B1E24C6B2}.Release|Any CPU.Build.0 = Release|Any CPU
		{5FC1C439-9263-470E-9C09-6E8B1E24C6B2}.Release|Mixed Platforms.ActiveCfg = Release|Any CPU
		{5FC1C439-9263-470E-9C09-6E8B1E24C6B2}.Release|Mixed Platforms.Build.0 = Release|Any CPU
		{5FC1C439-9263-470E-9C09-6E8B1E24C6B2}.Release|x86.ActiveCfg = Release|Any CPU
		{135A5956-39CD-495C-8FB2-06678A90488D}.Coverage|Any CPU.ActiveCfg = Release|Any CPU
		{135A5956-39CD-495C-8FB2-06678A90488D}.Coverage|Any CPU.Build.0 = Release|Any CPU
		{135A5956-39CD-495C-8FB2-06678A90488D}.Coverage|Mixed Platforms.ActiveCfg = Coverage|Any CPU
		{135A5956-39CD-495C-8FB2-06678A90488D}.Coverage|Mixed Platforms.Build.0 = Coverage|Any CPU
		{135A5956-39CD-495C-8FB2-06678A90488D}.Coverage|x86.ActiveCfg = Coverage|Any CPU
		{135A5956-39CD-495C-8FB2-06678A90488D}.Debug|Any CPU.ActiveCfg = Debug|Any CPU
		{135A5956-39CD-495C-8FB2-06678A90488D}.Debug|Any CPU.Build.0 = Debug|Any CPU
		{135A5956-39CD-495C-8FB2-06678A90488D}.Debug|Mixed Platforms.ActiveCfg = Debug|Any CPU
		{135A5956-39CD-495C-8FB2-06678A90488D}.Debug|Mixed Platforms.Build.0 = Debug|Any CPU
		{135A5956-39CD-495C-8FB2-06678A90488D}.Debug|x86.ActiveCfg = Debug|Any CPU
		{135A5956-39CD-495C-8FB2-06678A90488D}.Release|Any CPU.ActiveCfg = Release|Any CPU
		{135A5956-39CD-495C-8FB2-06678A90488D}.Release|Any CPU.Build.0 = Release|Any CPU
		{135A5956-39CD-495C-8FB2-06678A90488D}.Release|Mixed Platforms.ActiveCfg = Release|Any CPU
		{135A5956-39CD-495C-8FB2-06678A90488D}.Release|Mixed Platforms.Build.0 = Release|Any CPU
		{135A5956-39CD-495C-8FB2-06678A90488D}.Release|x86.ActiveCfg = Release|Any CPU
		{A5E7AEB3-738F-4C39-A459-00F90483B2FE}.Coverage|Any CPU.ActiveCfg = Coverage|Any CPU
		{A5E7AEB3-738F-4C39-A459-00F90483B2FE}.Coverage|Any CPU.Build.0 = Coverage|Any CPU
		{A5E7AEB3-738F-4C39-A459-00F90483B2FE}.Coverage|Mixed Platforms.ActiveCfg = Coverage|Any CPU
		{A5E7AEB3-738F-4C39-A459-00F90483B2FE}.Coverage|Mixed Platforms.Build.0 = Coverage|Any CPU
		{A5E7AEB3-738F-4C39-A459-00F90483B2FE}.Coverage|x86.ActiveCfg = Coverage|Any CPU
		{A5E7AEB3-738F-4C39-A459-00F90483B2FE}.Debug|Any CPU.ActiveCfg = Debug|Any CPU
		{A5E7AEB3-738F-4C39-A459-00F90483B2FE}.Debug|Any CPU.Build.0 = Debug|Any CPU
		{A5E7AEB3-738F-4C39-A459-00F90483B2FE}.Debug|Mixed Platforms.ActiveCfg = Debug|Any CPU
		{A5E7AEB3-738F-4C39-A459-00F90483B2FE}.Debug|Mixed Platforms.Build.0 = Debug|Any CPU
		{A5E7AEB3-738F-4C39-A459-00F90483B2FE}.Debug|x86.ActiveCfg = Debug|Any CPU
		{A5E7AEB3-738F-4C39-A459-00F90483B2FE}.Release|Any CPU.ActiveCfg = Release|Any CPU
		{A5E7AEB3-738F-4C39-A459-00F90483B2FE}.Release|Any CPU.Build.0 = Release|Any CPU
		{A5E7AEB3-738F-4C39-A459-00F90483B2FE}.Release|Mixed Platforms.ActiveCfg = Release|Any CPU
		{A5E7AEB3-738F-4C39-A459-00F90483B2FE}.Release|Mixed Platforms.Build.0 = Release|Any CPU
		{A5E7AEB3-738F-4C39-A459-00F90483B2FE}.Release|x86.ActiveCfg = Release|Any CPU
		{74CD9786-C226-4A58-A250-2DBC9EE29670}.Coverage|Any CPU.ActiveCfg = Release|Any CPU
		{74CD9786-C226-4A58-A250-2DBC9EE29670}.Coverage|Any CPU.Build.0 = Release|Any CPU
		{74CD9786-C226-4A58-A250-2DBC9EE29670}.Coverage|Mixed Platforms.ActiveCfg = Release|Any CPU
		{74CD9786-C226-4A58-A250-2DBC9EE29670}.Coverage|Mixed Platforms.Build.0 = Release|Any CPU
		{74CD9786-C226-4A58-A250-2DBC9EE29670}.Coverage|x86.ActiveCfg = Release|Any CPU
		{74CD9786-C226-4A58-A250-2DBC9EE29670}.Debug|Any CPU.ActiveCfg = Debug|Any CPU
		{74CD9786-C226-4A58-A250-2DBC9EE29670}.Debug|Any CPU.Build.0 = Debug|Any CPU
		{74CD9786-C226-4A58-A250-2DBC9EE29670}.Debug|Mixed Platforms.ActiveCfg = Debug|Any CPU
		{74CD9786-C226-4A58-A250-2DBC9EE29670}.Debug|Mixed Platforms.Build.0 = Debug|Any CPU
		{74CD9786-C226-4A58-A250-2DBC9EE29670}.Debug|x86.ActiveCfg = Debug|Any CPU
		{74CD9786-C226-4A58-A250-2DBC9EE29670}.Release|Any CPU.ActiveCfg = Release|Any CPU
		{74CD9786-C226-4A58-A250-2DBC9EE29670}.Release|Any CPU.Build.0 = Release|Any CPU
		{74CD9786-C226-4A58-A250-2DBC9EE29670}.Release|Mixed Platforms.ActiveCfg = Release|Any CPU
		{74CD9786-C226-4A58-A250-2DBC9EE29670}.Release|Mixed Platforms.Build.0 = Release|Any CPU
		{74CD9786-C226-4A58-A250-2DBC9EE29670}.Release|x86.ActiveCfg = Release|Any CPU
		{6A76CD40-AB6E-4321-9978-3DB0B7A180D6}.Coverage|Any CPU.ActiveCfg = Release|Any CPU
		{6A76CD40-AB6E-4321-9978-3DB0B7A180D6}.Coverage|Any CPU.Build.0 = Release|Any CPU
		{6A76CD40-AB6E-4321-9978-3DB0B7A180D6}.Coverage|Mixed Platforms.ActiveCfg = Release|Any CPU
		{6A76CD40-AB6E-4321-9978-3DB0B7A180D6}.Coverage|Mixed Platforms.Build.0 = Release|Any CPU
		{6A76CD40-AB6E-4321-9978-3DB0B7A180D6}.Coverage|x86.ActiveCfg = Release|Any CPU
		{6A76CD40-AB6E-4321-9978-3DB0B7A180D6}.Debug|Any CPU.ActiveCfg = Debug|Any CPU
		{6A76CD40-AB6E-4321-9978-3DB0B7A180D6}.Debug|Any CPU.Build.0 = Debug|Any CPU
		{6A76CD40-AB6E-4321-9978-3DB0B7A180D6}.Debug|Mixed Platforms.ActiveCfg = Debug|Any CPU
		{6A76CD40-AB6E-4321-9978-3DB0B7A180D6}.Debug|Mixed Platforms.Build.0 = Debug|Any CPU
		{6A76CD40-AB6E-4321-9978-3DB0B7A180D6}.Debug|x86.ActiveCfg = Debug|Any CPU
		{6A76CD40-AB6E-4321-9978-3DB0B7A180D6}.Release|Any CPU.ActiveCfg = Release|Any CPU
		{6A76CD40-AB6E-4321-9978-3DB0B7A180D6}.Release|Any CPU.Build.0 = Release|Any CPU
		{6A76CD40-AB6E-4321-9978-3DB0B7A180D6}.Release|Mixed Platforms.ActiveCfg = Release|Any CPU
		{6A76CD40-AB6E-4321-9978-3DB0B7A180D6}.Release|Mixed Platforms.Build.0 = Release|Any CPU
		{6A76CD40-AB6E-4321-9978-3DB0B7A180D6}.Release|x86.ActiveCfg = Release|Any CPU
		{5B445EB1-3D2F-4D03-A004-09275F649419}.Coverage|Any CPU.ActiveCfg = Release|x86
		{5B445EB1-3D2F-4D03-A004-09275F649419}.Coverage|Mixed Platforms.ActiveCfg = Release|x86
		{5B445EB1-3D2F-4D03-A004-09275F649419}.Coverage|Mixed Platforms.Build.0 = Release|x86
		{5B445EB1-3D2F-4D03-A004-09275F649419}.Coverage|x86.ActiveCfg = Release|x86
		{5B445EB1-3D2F-4D03-A004-09275F649419}.Coverage|x86.Build.0 = Release|x86
		{5B445EB1-3D2F-4D03-A004-09275F649419}.Debug|Any CPU.ActiveCfg = Debug|x86
		{5B445EB1-3D2F-4D03-A004-09275F649419}.Debug|Mixed Platforms.ActiveCfg = Debug|x86
		{5B445EB1-3D2F-4D03-A004-09275F649419}.Debug|Mixed Platforms.Build.0 = Debug|x86
		{5B445EB1-3D2F-4D03-A004-09275F649419}.Debug|x86.ActiveCfg = Debug|x86
		{5B445EB1-3D2F-4D03-A004-09275F649419}.Debug|x86.Build.0 = Debug|x86
		{5B445EB1-3D2F-4D03-A004-09275F649419}.Release|Any CPU.ActiveCfg = Release|x86
		{5B445EB1-3D2F-4D03-A004-09275F649419}.Release|Mixed Platforms.ActiveCfg = Release|x86
		{5B445EB1-3D2F-4D03-A004-09275F649419}.Release|Mixed Platforms.Build.0 = Release|x86
		{5B445EB1-3D2F-4D03-A004-09275F649419}.Release|x86.ActiveCfg = Release|x86
		{5B445EB1-3D2F-4D03-A004-09275F649419}.Release|x86.Build.0 = Release|x86
	EndGlobalSection
	GlobalSection(SolutionProperties) = preSolution
		HideSolutionNode = FALSE
	EndGlobalSection
	GlobalSection(NestedProjects) = preSolution
		{D3106412-E3AF-4CB6-B6D3-3664465B491F} = {E7B39EAD-EA32-4011-845A-C949A336389A}
		{135A5956-39CD-495C-8FB2-06678A90488D} = {E7B39EAD-EA32-4011-845A-C949A336389A}
		{6A76CD40-AB6E-4321-9978-3DB0B7A180D6} = {E7B39EAD-EA32-4011-845A-C949A336389A}
		{5B445EB1-3D2F-4D03-A004-09275F649419} = {E7B39EAD-EA32-4011-845A-C949A336389A}
	EndGlobalSection
EndGlobal
