
Microsoft Visual Studio Solution File, Format Version 11.00
# Visual Studio 2010
Project("{FAE04EC0-301F-11D3-BF4B-00C04F79EFBC}") = "NuPack.Core", "NuPack.Core\NuPack.Core.csproj", "{F879F274-EFA0-4157-8404-33A19B4E6AEC}"
EndProject
Project("{FAE04EC0-301F-11D3-BF4B-00C04F79EFBC}") = "NuPack.VisualStudio", "NuPack.VisualStudio\NuPack.VisualStudio.csproj", "{6146CA62-CC16-422C-A105-3E81F7452AA6}"
EndProject
Project("{2150E333-8FDC-42A3-9474-1A3956D46DE8}") = "Powershell", "Powershell", "{6DF001C2-5A19-4E00-A11E-885F1B8091B7}"
	ProjectSection(SolutionItems) = preProject
		PowershellScripts\nupack.ps1 = PowershellScripts\nupack.ps1
	EndProjectSection
EndProject
Project("{FAE04EC0-301F-11D3-BF4B-00C04F79EFBC}") = "NuPack.Test", "NuPack.Test\NuPack.Test.csproj", "{D3106412-E3AF-4CB6-B6D3-3664465B491F}"
EndProject
Global
	GlobalSection(SolutionConfigurationPlatforms) = preSolution
		Debug|Any CPU = Debug|Any CPU
		Release|Any CPU = Release|Any CPU
	EndGlobalSection
	GlobalSection(ProjectConfigurationPlatforms) = postSolution
		{F879F274-EFA0-4157-8404-33A19B4E6AEC}.Debug|Any CPU.ActiveCfg = Debug|Any CPU
		{F879F274-EFA0-4157-8404-33A19B4E6AEC}.Debug|Any CPU.Build.0 = Debug|Any CPU
		{F879F274-EFA0-4157-8404-33A19B4E6AEC}.Release|Any CPU.ActiveCfg = Release|Any CPU
		{F879F274-EFA0-4157-8404-33A19B4E6AEC}.Release|Any CPU.Build.0 = Release|Any CPU
		{6146CA62-CC16-422C-A105-3E81F7452AA6}.Debug|Any CPU.ActiveCfg = Debug|Any CPU
		{6146CA62-CC16-422C-A105-3E81F7452AA6}.Debug|Any CPU.Build.0 = Debug|Any CPU
		{6146CA62-CC16-422C-A105-3E81F7452AA6}.Release|Any CPU.ActiveCfg = Release|Any CPU
		{6146CA62-CC16-422C-A105-3E81F7452AA6}.Release|Any CPU.Build.0 = Release|Any CPU
		{D3106412-E3AF-4CB6-B6D3-3664465B491F}.Debug|Any CPU.ActiveCfg = Debug|Any CPU
		{D3106412-E3AF-4CB6-B6D3-3664465B491F}.Debug|Any CPU.Build.0 = Debug|Any CPU
		{D3106412-E3AF-4CB6-B6D3-3664465B491F}.Release|Any CPU.ActiveCfg = Release|Any CPU
		{D3106412-E3AF-4CB6-B6D3-3664465B491F}.Release|Any CPU.Build.0 = Release|Any CPU
	EndGlobalSection
	GlobalSection(SolutionProperties) = preSolution
		HideSolutionNode = FALSE
	EndGlobalSection
EndGlobal
